// !$*UTF8*$!
{
	archiveVersion = 1;
	classes = {
	};
	objectVersion = 56;
	objects = {

/* Begin PBXBuildFile section */
		500C7BAA2BA3032800F7C4F4 /* Kingfisher in Frameworks */ = {isa = PBXBuildFile; productRef = 500C7BA92BA3032800F7C4F4 /* Kingfisher */; };
		501CB2182BAB2AA600F8CC34 /* FolderComicView.swift in Sources */ = {isa = PBXBuildFile; fileRef = 501CB2172BAB2AA600F8CC34 /* FolderComicView.swift */; };
		502F05E12BBEBF9A001816E0 /* ComicDownloadView.swift in Sources */ = {isa = PBXBuildFile; fileRef = 502F05E02BBEBF9A001816E0 /* ComicDownloadView.swift */; };
		502F05E42BBEC3E5001816E0 /* CustomAlert in Frameworks */ = {isa = PBXBuildFile; productRef = 502F05E32BBEC3E5001816E0 /* CustomAlert */; };
		502F05E62BBEFB77001816E0 /* OfflineComicView.swift in Sources */ = {isa = PBXBuildFile; fileRef = 502F05E52BBEFB77001816E0 /* OfflineComicView.swift */; };
		5035664D2B9D64650059072E /* KomiicApp.swift in Sources */ = {isa = PBXBuildFile; fileRef = 5035664C2B9D64650059072E /* KomiicApp.swift */; };
		5035664F2B9D64650059072E /* ContentView.swift in Sources */ = {isa = PBXBuildFile; fileRef = 5035664E2B9D64650059072E /* ContentView.swift */; };
		503566512B9D64660059072E /* Assets.xcassets in Resources */ = {isa = PBXBuildFile; fileRef = 503566502B9D64660059072E /* Assets.xcassets */; };
		503566552B9D64660059072E /* Preview Assets.xcassets in Resources */ = {isa = PBXBuildFile; fileRef = 503566542B9D64660059072E /* Preview Assets.xcassets */; };
		5035665C2B9D7A0A0059072E /* ComicListView.swift in Sources */ = {isa = PBXBuildFile; fileRef = 5035665B2B9D7A0A0059072E /* ComicListView.swift */; };
		5035665E2B9D7B250059072E /* KomiicAPI.swift in Sources */ = {isa = PBXBuildFile; fileRef = 5035665D2B9D7B250059072E /* KomiicAPI.swift */; };
		50356BE02BA45B17009A4C6D /* UserView.swift in Sources */ = {isa = PBXBuildFile; fileRef = 50356BDF2BA45B17009A4C6D /* UserView.swift */; };
		50356BE32BA46A2F009A4C6D /* KeychainSwift in Frameworks */ = {isa = PBXBuildFile; productRef = 50356BE22BA46A2F009A4C6D /* KeychainSwift */; };
		50356BE52BA490C4009A4C6D /* SmallComicListView.swift in Sources */ = {isa = PBXBuildFile; fileRef = 50356BE42BA490C4009A4C6D /* SmallComicListView.swift */; };
		50392F3C2BA9C95700E88ABE /* ComicHistoryView.swift in Sources */ = {isa = PBXBuildFile; fileRef = 50392F3B2BA9C95700E88ABE /* ComicHistoryView.swift */; };
		5039C88B2B9F0166000BE97F /* BookStoreView.swift in Sources */ = {isa = PBXBuildFile; fileRef = 5039C88A2B9F0166000BE97F /* BookStoreView.swift */; };
		5039C88D2B9F4EDD000BE97F /* CategoryView.swift in Sources */ = {isa = PBXBuildFile; fileRef = 5039C88C2B9F4EDD000BE97F /* CategoryView.swift */; };
		506503C22BAC8CEF00EE3E7D /* AddToFolderSheet.swift in Sources */ = {isa = PBXBuildFile; fileRef = 506503C12BAC8CEF00EE3E7D /* AddToFolderSheet.swift */; };
		50A116712BA9E611007E2396 /* ComicFolderView.swift in Sources */ = {isa = PBXBuildFile; fileRef = 50A116702BA9E611007E2396 /* ComicFolderView.swift */; };
		50A116732BA9E945007E2396 /* FavoritesComicView.swift in Sources */ = {isa = PBXBuildFile; fileRef = 50A116722BA9E945007E2396 /* FavoritesComicView.swift */; };
		50AD51B42BA568C200AB09E9 /* AllCategoryView.swift in Sources */ = {isa = PBXBuildFile; fileRef = 50AD51B32BA568C200AB09E9 /* AllCategoryView.swift */; };
		50B599D12B9DC17A00B9C4B9 /* ComicDetailView.swift in Sources */ = {isa = PBXBuildFile; fileRef = 50B599D02B9DC17A00B9C4B9 /* ComicDetailView.swift */; };
		50B599D32B9DFB3A00B9C4B9 /* AuthorView.swift in Sources */ = {isa = PBXBuildFile; fileRef = 50B599D22B9DFB3A00B9C4B9 /* AuthorView.swift */; };
		50C542E32BB8754000469D02 /* LoginView.swift in Sources */ = {isa = PBXBuildFile; fileRef = 50C542E22BB8754000469D02 /* LoginView.swift */; };
		50DE4F6E2BA0696D00645CA7 /* ReaderView.swift in Sources */ = {isa = PBXBuildFile; fileRef = 50DE4F6D2BA0696D00645CA7 /* ReaderView.swift */; };
		50EE239B2BCBBC840003939F /* ComicContextMenuPreview.swift in Sources */ = {isa = PBXBuildFile; fileRef = 50EE239A2BCBBC840003939F /* ComicContextMenuPreview.swift */; };
		50EE23A32BCBC7810003939F /* WidgetKit.framework in Frameworks */ = {isa = PBXBuildFile; fileRef = 50EE23A22BCBC7810003939F /* WidgetKit.framework */; };
		50EE23A52BCBC7810003939F /* SwiftUI.framework in Frameworks */ = {isa = PBXBuildFile; fileRef = 50EE23A42BCBC7810003939F /* SwiftUI.framework */; };
		50EE23A82BCBC7810003939F /* ComicWidgetBundle.swift in Sources */ = {isa = PBXBuildFile; fileRef = 50EE23A72BCBC7810003939F /* ComicWidgetBundle.swift */; };
		50EE23AA2BCBC7810003939F /* ComicWidget.swift in Sources */ = {isa = PBXBuildFile; fileRef = 50EE23A92BCBC7810003939F /* ComicWidget.swift */; };
		50EE23AC2BCBC7810003939F /* AppIntent.swift in Sources */ = {isa = PBXBuildFile; fileRef = 50EE23AB2BCBC7810003939F /* AppIntent.swift */; };
		50EE23AE2BCBC7830003939F /* Assets.xcassets in Resources */ = {isa = PBXBuildFile; fileRef = 50EE23AD2BCBC7830003939F /* Assets.xcassets */; };
		50EE23B22BCBC7830003939F /* ComicWidgetExtension.appex in Embed Foundation Extensions */ = {isa = PBXBuildFile; fileRef = 50EE23A02BCBC7810003939F /* ComicWidgetExtension.appex */; settings = {ATTRIBUTES = (RemoveHeadersOnCopy, ); }; };
		50EE23B92BCBCDE00003939F /* ComicMessagesView.swift in Sources */ = {isa = PBXBuildFile; fileRef = 50EE23B82BCBCDE00003939F /* ComicMessagesView.swift */; };
		50FB6C582BA6EEA7006BA657 /* SwiftUISnackbar in Frameworks */ = {isa = PBXBuildFile; productRef = 50FB6C572BA6EEA7006BA657 /* SwiftUISnackbar */; };
/* End PBXBuildFile section */

/* Begin PBXContainerItemProxy section */
		501734A42BCBDBBC00BCC459 /* PBXContainerItemProxy */ = {
			isa = PBXContainerItemProxy;
			containerPortal = 503566412B9D64650059072E /* Project object */;
			proxyType = 1;
			remoteGlobalIDString = 50EE239F2BCBC7810003939F;
			remoteInfo = ComicWidgetExtension;
		};
/* End PBXContainerItemProxy section */

/* Begin PBXCopyFilesBuildPhase section */
		50EE23B62BCBC7830003939F /* Embed Foundation Extensions */ = {
			isa = PBXCopyFilesBuildPhase;
			buildActionMask = 2147483647;
			dstPath = "";
			dstSubfolderSpec = 13;
			files = (
				50EE23B22BCBC7830003939F /* ComicWidgetExtension.appex in Embed Foundation Extensions */,
			);
			name = "Embed Foundation Extensions";
			runOnlyForDeploymentPostprocessing = 0;
		};
/* End PBXCopyFilesBuildPhase section */

/* Begin PBXFileReference section */
		501CB2172BAB2AA600F8CC34 /* FolderComicView.swift */ = {isa = PBXFileReference; lastKnownFileType = sourcecode.swift; path = FolderComicView.swift; sourceTree = "<group>"; };
		502F05E02BBEBF9A001816E0 /* ComicDownloadView.swift */ = {isa = PBXFileReference; lastKnownFileType = sourcecode.swift; path = ComicDownloadView.swift; sourceTree = "<group>"; };
		502F05E52BBEFB77001816E0 /* OfflineComicView.swift */ = {isa = PBXFileReference; lastKnownFileType = sourcecode.swift; path = OfflineComicView.swift; sourceTree = "<group>"; };
		503566492B9D64650059072E /* Komiic.app */ = {isa = PBXFileReference; explicitFileType = wrapper.application; includeInIndex = 0; path = Komiic.app; sourceTree = BUILT_PRODUCTS_DIR; };
		5035664C2B9D64650059072E /* KomiicApp.swift */ = {isa = PBXFileReference; lastKnownFileType = sourcecode.swift; path = KomiicApp.swift; sourceTree = "<group>"; };
		5035664E2B9D64650059072E /* ContentView.swift */ = {isa = PBXFileReference; lastKnownFileType = sourcecode.swift; path = ContentView.swift; sourceTree = "<group>"; };
		503566502B9D64660059072E /* Assets.xcassets */ = {isa = PBXFileReference; lastKnownFileType = folder.assetcatalog; path = Assets.xcassets; sourceTree = "<group>"; };
		503566522B9D64660059072E /* Komiic.entitlements */ = {isa = PBXFileReference; lastKnownFileType = text.plist.entitlements; path = Komiic.entitlements; sourceTree = "<group>"; };
		503566542B9D64660059072E /* Preview Assets.xcassets */ = {isa = PBXFileReference; lastKnownFileType = folder.assetcatalog; path = "Preview Assets.xcassets"; sourceTree = "<group>"; };
		5035665B2B9D7A0A0059072E /* ComicListView.swift */ = {isa = PBXFileReference; lastKnownFileType = sourcecode.swift; path = ComicListView.swift; sourceTree = "<group>"; };
		5035665D2B9D7B250059072E /* KomiicAPI.swift */ = {isa = PBXFileReference; lastKnownFileType = sourcecode.swift; path = KomiicAPI.swift; sourceTree = "<group>"; };
		50356BDF2BA45B17009A4C6D /* UserView.swift */ = {isa = PBXFileReference; lastKnownFileType = sourcecode.swift; path = UserView.swift; sourceTree = "<group>"; };
		50356BE42BA490C4009A4C6D /* SmallComicListView.swift */ = {isa = PBXFileReference; lastKnownFileType = sourcecode.swift; path = SmallComicListView.swift; sourceTree = "<group>"; };
		50392F3B2BA9C95700E88ABE /* ComicHistoryView.swift */ = {isa = PBXFileReference; lastKnownFileType = sourcecode.swift; path = ComicHistoryView.swift; sourceTree = "<group>"; };
		5039C88A2B9F0166000BE97F /* BookStoreView.swift */ = {isa = PBXFileReference; lastKnownFileType = sourcecode.swift; path = BookStoreView.swift; sourceTree = "<group>"; };
		5039C88C2B9F4EDD000BE97F /* CategoryView.swift */ = {isa = PBXFileReference; lastKnownFileType = sourcecode.swift; path = CategoryView.swift; sourceTree = "<group>"; };
		506503C12BAC8CEF00EE3E7D /* AddToFolderSheet.swift */ = {isa = PBXFileReference; lastKnownFileType = sourcecode.swift; path = AddToFolderSheet.swift; sourceTree = "<group>"; };
		50A116702BA9E611007E2396 /* ComicFolderView.swift */ = {isa = PBXFileReference; lastKnownFileType = sourcecode.swift; path = ComicFolderView.swift; sourceTree = "<group>"; };
		50A116722BA9E945007E2396 /* FavoritesComicView.swift */ = {isa = PBXFileReference; lastKnownFileType = sourcecode.swift; path = FavoritesComicView.swift; sourceTree = "<group>"; };
		50AD51B32BA568C200AB09E9 /* AllCategoryView.swift */ = {isa = PBXFileReference; lastKnownFileType = sourcecode.swift; path = AllCategoryView.swift; sourceTree = "<group>"; };
		50B599D02B9DC17A00B9C4B9 /* ComicDetailView.swift */ = {isa = PBXFileReference; lastKnownFileType = sourcecode.swift; path = ComicDetailView.swift; sourceTree = "<group>"; };
		50B599D22B9DFB3A00B9C4B9 /* AuthorView.swift */ = {isa = PBXFileReference; lastKnownFileType = sourcecode.swift; path = AuthorView.swift; sourceTree = "<group>"; };
		50C542E22BB8754000469D02 /* LoginView.swift */ = {isa = PBXFileReference; lastKnownFileType = sourcecode.swift; path = LoginView.swift; sourceTree = "<group>"; };
		50DE4F6D2BA0696D00645CA7 /* ReaderView.swift */ = {isa = PBXFileReference; lastKnownFileType = sourcecode.swift; path = ReaderView.swift; sourceTree = "<group>"; };
		50EE239A2BCBBC840003939F /* ComicContextMenuPreview.swift */ = {isa = PBXFileReference; lastKnownFileType = sourcecode.swift; path = ComicContextMenuPreview.swift; sourceTree = "<group>"; };
		50EE23A02BCBC7810003939F /* ComicWidgetExtension.appex */ = {isa = PBXFileReference; explicitFileType = "wrapper.app-extension"; includeInIndex = 0; path = ComicWidgetExtension.appex; sourceTree = BUILT_PRODUCTS_DIR; };
		50EE23A22BCBC7810003939F /* WidgetKit.framework */ = {isa = PBXFileReference; lastKnownFileType = wrapper.framework; name = WidgetKit.framework; path = System/Library/Frameworks/WidgetKit.framework; sourceTree = SDKROOT; };
		50EE23A42BCBC7810003939F /* SwiftUI.framework */ = {isa = PBXFileReference; lastKnownFileType = wrapper.framework; name = SwiftUI.framework; path = System/Library/Frameworks/SwiftUI.framework; sourceTree = SDKROOT; };
		50EE23A72BCBC7810003939F /* ComicWidgetBundle.swift */ = {isa = PBXFileReference; lastKnownFileType = sourcecode.swift; path = ComicWidgetBundle.swift; sourceTree = "<group>"; };
		50EE23A92BCBC7810003939F /* ComicWidget.swift */ = {isa = PBXFileReference; lastKnownFileType = sourcecode.swift; path = ComicWidget.swift; sourceTree = "<group>"; };
		50EE23AB2BCBC7810003939F /* AppIntent.swift */ = {isa = PBXFileReference; lastKnownFileType = sourcecode.swift; path = AppIntent.swift; sourceTree = "<group>"; };
		50EE23AD2BCBC7830003939F /* Assets.xcassets */ = {isa = PBXFileReference; lastKnownFileType = folder.assetcatalog; path = Assets.xcassets; sourceTree = "<group>"; };
		50EE23AF2BCBC7830003939F /* Info.plist */ = {isa = PBXFileReference; lastKnownFileType = text.plist.xml; path = Info.plist; sourceTree = "<group>"; };
		50EE23B82BCBCDE00003939F /* ComicMessagesView.swift */ = {isa = PBXFileReference; lastKnownFileType = sourcecode.swift; path = ComicMessagesView.swift; sourceTree = "<group>"; };
/* End PBXFileReference section */

/* Begin PBXFrameworksBuildPhase section */
		503566462B9D64650059072E /* Frameworks */ = {
			isa = PBXFrameworksBuildPhase;
			buildActionMask = 2147483647;
			files = (
				50356BE32BA46A2F009A4C6D /* KeychainSwift in Frameworks */,
				50FB6C582BA6EEA7006BA657 /* SwiftUISnackbar in Frameworks */,
				502F05E42BBEC3E5001816E0 /* CustomAlert in Frameworks */,
				500C7BAA2BA3032800F7C4F4 /* Kingfisher in Frameworks */,
			);
			runOnlyForDeploymentPostprocessing = 0;
		};
		50EE239D2BCBC7810003939F /* Frameworks */ = {
			isa = PBXFrameworksBuildPhase;
			buildActionMask = 2147483647;
			files = (
				50EE23A52BCBC7810003939F /* SwiftUI.framework in Frameworks */,
				50EE23A32BCBC7810003939F /* WidgetKit.framework in Frameworks */,
			);
			runOnlyForDeploymentPostprocessing = 0;
		};
/* End PBXFrameworksBuildPhase section */

/* Begin PBXGroup section */
		503566402B9D64650059072E = {
			isa = PBXGroup;
			children = (
				5035664B2B9D64650059072E /* Komiic */,
				50EE23A62BCBC7810003939F /* ComicWidget */,
				50EE23A12BCBC7810003939F /* Frameworks */,
				5035664A2B9D64650059072E /* Products */,
			);
			sourceTree = "<group>";
		};
		5035664A2B9D64650059072E /* Products */ = {
			isa = PBXGroup;
			children = (
				503566492B9D64650059072E /* Komiic.app */,
				50EE23A02BCBC7810003939F /* ComicWidgetExtension.appex */,
			);
			name = Products;
			sourceTree = "<group>";
		};
		5035664B2B9D64650059072E /* Komiic */ = {
			isa = PBXGroup;
			children = (
				50C542E42BB8811900469D02 /* AccountUI */,
				506503C02BAC8A6400EE3E7D /* ListView */,
				506503BE2BAC89E800EE3E7D /* TabUI */,
				506503BD2BAC89D000EE3E7D /* ListComponents */,
				50EE23B72BCBCD620003939F /* InfoView */,
				5035664C2B9D64650059072E /* KomiicApp.swift */,
				5035664E2B9D64650059072E /* ContentView.swift */,
				5035665D2B9D7B250059072E /* KomiicAPI.swift */,
				50DE4F6D2BA0696D00645CA7 /* ReaderView.swift */,
				503566502B9D64660059072E /* Assets.xcassets */,
				503566522B9D64660059072E /* Komiic.entitlements */,
				503566532B9D64660059072E /* Preview Content */,
			);
			path = Komiic;
			sourceTree = "<group>";
		};
		503566532B9D64660059072E /* Preview Content */ = {
			isa = PBXGroup;
			children = (
				503566542B9D64660059072E /* Preview Assets.xcassets */,
			);
			path = "Preview Content";
			sourceTree = "<group>";
		};
		506503BD2BAC89D000EE3E7D /* ListComponents */ = {
			isa = PBXGroup;
			children = (
				50EE239A2BCBBC840003939F /* ComicContextMenuPreview.swift */,
				5035665B2B9D7A0A0059072E /* ComicListView.swift */,
				50356BE42BA490C4009A4C6D /* SmallComicListView.swift */,
			);
			path = ListComponents;
			sourceTree = "<group>";
		};
		506503BE2BAC89E800EE3E7D /* TabUI */ = {
			isa = PBXGroup;
			children = (
				502F05E52BBEFB77001816E0 /* OfflineComicView.swift */,
				5039C88A2B9F0166000BE97F /* BookStoreView.swift */,
				50392F3B2BA9C95700E88ABE /* ComicHistoryView.swift */,
				50A116702BA9E611007E2396 /* ComicFolderView.swift */,
			);
			path = TabUI;
			sourceTree = "<group>";
		};
		506503C02BAC8A6400EE3E7D /* ListView */ = {
			isa = PBXGroup;
			children = (
				50B599D22B9DFB3A00B9C4B9 /* AuthorView.swift */,
				5039C88C2B9F4EDD000BE97F /* CategoryView.swift */,
				50AD51B32BA568C200AB09E9 /* AllCategoryView.swift */,
				50A116722BA9E945007E2396 /* FavoritesComicView.swift */,
				501CB2172BAB2AA600F8CC34 /* FolderComicView.swift */,
			);
			path = ListView;
			sourceTree = "<group>";
		};
		50C542E42BB8811900469D02 /* AccountUI */ = {
			isa = PBXGroup;
			children = (
				50356BDF2BA45B17009A4C6D /* UserView.swift */,
				50C542E22BB8754000469D02 /* LoginView.swift */,
			);
			path = AccountUI;
			sourceTree = "<group>";
		};
		50EE23A12BCBC7810003939F /* Frameworks */ = {
			isa = PBXGroup;
			children = (
				50EE23A22BCBC7810003939F /* WidgetKit.framework */,
				50EE23A42BCBC7810003939F /* SwiftUI.framework */,
			);
			name = Frameworks;
			sourceTree = "<group>";
		};
		50EE23A62BCBC7810003939F /* ComicWidget */ = {
			isa = PBXGroup;
			children = (
				50EE23A72BCBC7810003939F /* ComicWidgetBundle.swift */,
				50EE23A92BCBC7810003939F /* ComicWidget.swift */,
				50EE23AB2BCBC7810003939F /* AppIntent.swift */,
				50EE23AD2BCBC7830003939F /* Assets.xcassets */,
				50EE23AF2BCBC7830003939F /* Info.plist */,
			);
			path = ComicWidget;
			sourceTree = "<group>";
		};
		50EE23B72BCBCD620003939F /* InfoView */ = {
			isa = PBXGroup;
			children = (
				506503C12BAC8CEF00EE3E7D /* AddToFolderSheet.swift */,
				50B599D02B9DC17A00B9C4B9 /* ComicDetailView.swift */,
				502F05E02BBEBF9A001816E0 /* ComicDownloadView.swift */,
				50EE23B82BCBCDE00003939F /* ComicMessagesView.swift */,
			);
			path = InfoView;
			sourceTree = "<group>";
		};
/* End PBXGroup section */

/* Begin PBXNativeTarget section */
		503566482B9D64650059072E /* Komiic */ = {
			isa = PBXNativeTarget;
			buildConfigurationList = 503566582B9D64660059072E /* Build configuration list for PBXNativeTarget "Komiic" */;
			buildPhases = (
				503566452B9D64650059072E /* Sources */,
				503566462B9D64650059072E /* Frameworks */,
				503566472B9D64650059072E /* Resources */,
				50EE23B62BCBC7830003939F /* Embed Foundation Extensions */,
			);
			buildRules = (
			);
			dependencies = (
				501734A52BCBDBBC00BCC459 /* PBXTargetDependency */,
			);
			name = Komiic;
			packageProductDependencies = (
				500C7BA92BA3032800F7C4F4 /* Kingfisher */,
				50356BE22BA46A2F009A4C6D /* KeychainSwift */,
				50FB6C572BA6EEA7006BA657 /* SwiftUISnackbar */,
				502F05E32BBEC3E5001816E0 /* CustomAlert */,
			);
			productName = Komiic;
			productReference = 503566492B9D64650059072E /* Komiic.app */;
			productType = "com.apple.product-type.application";
		};
		50EE239F2BCBC7810003939F /* ComicWidgetExtension */ = {
			isa = PBXNativeTarget;
			buildConfigurationList = 50EE23B32BCBC7830003939F /* Build configuration list for PBXNativeTarget "ComicWidgetExtension" */;
			buildPhases = (
				50EE239C2BCBC7810003939F /* Sources */,
				50EE239D2BCBC7810003939F /* Frameworks */,
				50EE239E2BCBC7810003939F /* Resources */,
			);
			buildRules = (
			);
			dependencies = (
			);
			name = ComicWidgetExtension;
			productName = ComicWidgetExtension;
			productReference = 50EE23A02BCBC7810003939F /* ComicWidgetExtension.appex */;
			productType = "com.apple.product-type.app-extension";
		};
/* End PBXNativeTarget section */

/* Begin PBXProject section */
		503566412B9D64650059072E /* Project object */ = {
			isa = PBXProject;
			attributes = {
				BuildIndependentTargetsInParallel = 1;
				LastSwiftUpdateCheck = 1530;
				LastUpgradeCheck = 1530;
				TargetAttributes = {
					503566482B9D64650059072E = {
						CreatedOnToolsVersion = 15.3;
					};
					50EE239F2BCBC7810003939F = {
						CreatedOnToolsVersion = 15.3;
					};
				};
			};
			buildConfigurationList = 503566442B9D64650059072E /* Build configuration list for PBXProject "Komiic" */;
			compatibilityVersion = "Xcode 14.0";
			developmentRegion = "zh-Hant";
			hasScannedForEncodings = 0;
			knownRegions = (
				Base,
				"zh-Hant",
			);
			mainGroup = 503566402B9D64650059072E;
			packageReferences = (
				500C7BA82BA3032800F7C4F4 /* XCRemoteSwiftPackageReference "Kingfisher" */,
				50356BE12BA46A2F009A4C6D /* XCRemoteSwiftPackageReference "keychain-swift" */,
				50FB6C562BA6EEA6006BA657 /* XCRemoteSwiftPackageReference "SwiftUISnackbar" */,
				502F05E22BBEC3E5001816E0 /* XCRemoteSwiftPackageReference "CustomAlert" */,
			);
			productRefGroup = 5035664A2B9D64650059072E /* Products */;
			projectDirPath = "";
			projectRoot = "";
			targets = (
				503566482B9D64650059072E /* Komiic */,
				50EE239F2BCBC7810003939F /* ComicWidgetExtension */,
			);
		};
/* End PBXProject section */

/* Begin PBXResourcesBuildPhase section */
		503566472B9D64650059072E /* Resources */ = {
			isa = PBXResourcesBuildPhase;
			buildActionMask = 2147483647;
			files = (
				503566552B9D64660059072E /* Preview Assets.xcassets in Resources */,
				503566512B9D64660059072E /* Assets.xcassets in Resources */,
			);
			runOnlyForDeploymentPostprocessing = 0;
		};
		50EE239E2BCBC7810003939F /* Resources */ = {
			isa = PBXResourcesBuildPhase;
			buildActionMask = 2147483647;
			files = (
				50EE23AE2BCBC7830003939F /* Assets.xcassets in Resources */,
			);
			runOnlyForDeploymentPostprocessing = 0;
		};
/* End PBXResourcesBuildPhase section */

/* Begin PBXSourcesBuildPhase section */
		503566452B9D64650059072E /* Sources */ = {
			isa = PBXSourcesBuildPhase;
			buildActionMask = 2147483647;
			files = (
				5035665E2B9D7B250059072E /* KomiicAPI.swift in Sources */,
				50EE239B2BCBBC840003939F /* ComicContextMenuPreview.swift in Sources */,
				50356BE52BA490C4009A4C6D /* SmallComicListView.swift in Sources */,
				501CB2182BAB2AA600F8CC34 /* FolderComicView.swift in Sources */,
				50DE4F6E2BA0696D00645CA7 /* ReaderView.swift in Sources */,
				502F05E12BBEBF9A001816E0 /* ComicDownloadView.swift in Sources */,
				5035664F2B9D64650059072E /* ContentView.swift in Sources */,
				50A116712BA9E611007E2396 /* ComicFolderView.swift in Sources */,
				50EE23B92BCBCDE00003939F /* ComicMessagesView.swift in Sources */,
				5035665C2B9D7A0A0059072E /* ComicListView.swift in Sources */,
				50B599D32B9DFB3A00B9C4B9 /* AuthorView.swift in Sources */,
				50392F3C2BA9C95700E88ABE /* ComicHistoryView.swift in Sources */,
				506503C22BAC8CEF00EE3E7D /* AddToFolderSheet.swift in Sources */,
				50AD51B42BA568C200AB09E9 /* AllCategoryView.swift in Sources */,
				5039C88B2B9F0166000BE97F /* BookStoreView.swift in Sources */,
				50C542E32BB8754000469D02 /* LoginView.swift in Sources */,
				502F05E62BBEFB77001816E0 /* OfflineComicView.swift in Sources */,
				5035664D2B9D64650059072E /* KomiicApp.swift in Sources */,
				50356BE02BA45B17009A4C6D /* UserView.swift in Sources */,
				5039C88D2B9F4EDD000BE97F /* CategoryView.swift in Sources */,
				50A116732BA9E945007E2396 /* FavoritesComicView.swift in Sources */,
				50B599D12B9DC17A00B9C4B9 /* ComicDetailView.swift in Sources */,
			);
			runOnlyForDeploymentPostprocessing = 0;
		};
		50EE239C2BCBC7810003939F /* Sources */ = {
			isa = PBXSourcesBuildPhase;
			buildActionMask = 2147483647;
			files = (
				50EE23A82BCBC7810003939F /* ComicWidgetBundle.swift in Sources */,
				50EE23AA2BCBC7810003939F /* ComicWidget.swift in Sources */,
				50EE23AC2BCBC7810003939F /* AppIntent.swift in Sources */,
			);
			runOnlyForDeploymentPostprocessing = 0;
		};
/* End PBXSourcesBuildPhase section */

/* Begin PBXTargetDependency section */
		501734A52BCBDBBC00BCC459 /* PBXTargetDependency */ = {
			isa = PBXTargetDependency;
			target = 50EE239F2BCBC7810003939F /* ComicWidgetExtension */;
			targetProxy = 501734A42BCBDBBC00BCC459 /* PBXContainerItemProxy */;
		};
/* End PBXTargetDependency section */

/* Begin XCBuildConfiguration section */
		503566562B9D64660059072E /* Debug */ = {
			isa = XCBuildConfiguration;
			buildSettings = {
				ALWAYS_SEARCH_USER_PATHS = NO;
				ASSETCATALOG_COMPILER_GENERATE_SWIFT_ASSET_SYMBOL_EXTENSIONS = YES;
				CLANG_ANALYZER_NONNULL = YES;
				CLANG_ANALYZER_NUMBER_OBJECT_CONVERSION = YES_AGGRESSIVE;
				CLANG_CXX_LANGUAGE_STANDARD = "gnu++20";
				CLANG_ENABLE_MODULES = YES;
				CLANG_ENABLE_OBJC_ARC = YES;
				CLANG_ENABLE_OBJC_WEAK = YES;
				CLANG_WARN_BLOCK_CAPTURE_AUTORELEASING = YES;
				CLANG_WARN_BOOL_CONVERSION = YES;
				CLANG_WARN_COMMA = YES;
				CLANG_WARN_CONSTANT_CONVERSION = YES;
				CLANG_WARN_DEPRECATED_OBJC_IMPLEMENTATIONS = YES;
				CLANG_WARN_DIRECT_OBJC_ISA_USAGE = YES_ERROR;
				CLANG_WARN_DOCUMENTATION_COMMENTS = YES;
				CLANG_WARN_EMPTY_BODY = YES;
				CLANG_WARN_ENUM_CONVERSION = YES;
				CLANG_WARN_INFINITE_RECURSION = YES;
				CLANG_WARN_INT_CONVERSION = YES;
				CLANG_WARN_NON_LITERAL_NULL_CONVERSION = YES;
				CLANG_WARN_OBJC_IMPLICIT_RETAIN_SELF = YES;
				CLANG_WARN_OBJC_LITERAL_CONVERSION = YES;
				CLANG_WARN_OBJC_ROOT_CLASS = YES_ERROR;
				CLANG_WARN_QUOTED_INCLUDE_IN_FRAMEWORK_HEADER = YES;
				CLANG_WARN_RANGE_LOOP_ANALYSIS = YES;
				CLANG_WARN_STRICT_PROTOTYPES = YES;
				CLANG_WARN_SUSPICIOUS_MOVE = YES;
				CLANG_WARN_UNGUARDED_AVAILABILITY = YES_AGGRESSIVE;
				CLANG_WARN_UNREACHABLE_CODE = YES;
				CLANG_WARN__DUPLICATE_METHOD_MATCH = YES;
				COPY_PHASE_STRIP = NO;
				DEBUG_INFORMATION_FORMAT = dwarf;
				ENABLE_STRICT_OBJC_MSGSEND = YES;
				ENABLE_TESTABILITY = YES;
				ENABLE_USER_SCRIPT_SANDBOXING = YES;
				GCC_C_LANGUAGE_STANDARD = gnu17;
				GCC_DYNAMIC_NO_PIC = NO;
				GCC_NO_COMMON_BLOCKS = YES;
				GCC_OPTIMIZATION_LEVEL = 0;
				GCC_PREPROCESSOR_DEFINITIONS = (
					"DEBUG=1",
					"$(inherited)",
				);
				GCC_WARN_64_TO_32_BIT_CONVERSION = YES;
				GCC_WARN_ABOUT_RETURN_TYPE = YES_ERROR;
				GCC_WARN_UNDECLARED_SELECTOR = YES;
				GCC_WARN_UNINITIALIZED_AUTOS = YES_AGGRESSIVE;
				GCC_WARN_UNUSED_FUNCTION = YES;
				GCC_WARN_UNUSED_VARIABLE = YES;
				LOCALIZATION_PREFERS_STRING_CATALOGS = YES;
				MTL_ENABLE_DEBUG_INFO = INCLUDE_SOURCE;
				MTL_FAST_MATH = YES;
				ONLY_ACTIVE_ARCH = YES;
				SWIFT_ACTIVE_COMPILATION_CONDITIONS = "DEBUG $(inherited)";
				SWIFT_OPTIMIZATION_LEVEL = "-Onone";
			};
			name = Debug;
		};
		503566572B9D64660059072E /* Release */ = {
			isa = XCBuildConfiguration;
			buildSettings = {
				ALWAYS_SEARCH_USER_PATHS = NO;
				ASSETCATALOG_COMPILER_GENERATE_SWIFT_ASSET_SYMBOL_EXTENSIONS = YES;
				CLANG_ANALYZER_NONNULL = YES;
				CLANG_ANALYZER_NUMBER_OBJECT_CONVERSION = YES_AGGRESSIVE;
				CLANG_CXX_LANGUAGE_STANDARD = "gnu++20";
				CLANG_ENABLE_MODULES = YES;
				CLANG_ENABLE_OBJC_ARC = YES;
				CLANG_ENABLE_OBJC_WEAK = YES;
				CLANG_WARN_BLOCK_CAPTURE_AUTORELEASING = YES;
				CLANG_WARN_BOOL_CONVERSION = YES;
				CLANG_WARN_COMMA = YES;
				CLANG_WARN_CONSTANT_CONVERSION = YES;
				CLANG_WARN_DEPRECATED_OBJC_IMPLEMENTATIONS = YES;
				CLANG_WARN_DIRECT_OBJC_ISA_USAGE = YES_ERROR;
				CLANG_WARN_DOCUMENTATION_COMMENTS = YES;
				CLANG_WARN_EMPTY_BODY = YES;
				CLANG_WARN_ENUM_CONVERSION = YES;
				CLANG_WARN_INFINITE_RECURSION = YES;
				CLANG_WARN_INT_CONVERSION = YES;
				CLANG_WARN_NON_LITERAL_NULL_CONVERSION = YES;
				CLANG_WARN_OBJC_IMPLICIT_RETAIN_SELF = YES;
				CLANG_WARN_OBJC_LITERAL_CONVERSION = YES;
				CLANG_WARN_OBJC_ROOT_CLASS = YES_ERROR;
				CLANG_WARN_QUOTED_INCLUDE_IN_FRAMEWORK_HEADER = YES;
				CLANG_WARN_RANGE_LOOP_ANALYSIS = YES;
				CLANG_WARN_STRICT_PROTOTYPES = YES;
				CLANG_WARN_SUSPICIOUS_MOVE = YES;
				CLANG_WARN_UNGUARDED_AVAILABILITY = YES_AGGRESSIVE;
				CLANG_WARN_UNREACHABLE_CODE = YES;
				CLANG_WARN__DUPLICATE_METHOD_MATCH = YES;
				COPY_PHASE_STRIP = NO;
				DEBUG_INFORMATION_FORMAT = "dwarf-with-dsym";
				ENABLE_NS_ASSERTIONS = NO;
				ENABLE_STRICT_OBJC_MSGSEND = YES;
				ENABLE_USER_SCRIPT_SANDBOXING = YES;
				GCC_C_LANGUAGE_STANDARD = gnu17;
				GCC_NO_COMMON_BLOCKS = YES;
				GCC_WARN_64_TO_32_BIT_CONVERSION = YES;
				GCC_WARN_ABOUT_RETURN_TYPE = YES_ERROR;
				GCC_WARN_UNDECLARED_SELECTOR = YES;
				GCC_WARN_UNINITIALIZED_AUTOS = YES_AGGRESSIVE;
				GCC_WARN_UNUSED_FUNCTION = YES;
				GCC_WARN_UNUSED_VARIABLE = YES;
				LOCALIZATION_PREFERS_STRING_CATALOGS = YES;
				MTL_ENABLE_DEBUG_INFO = NO;
				MTL_FAST_MATH = YES;
				SWIFT_COMPILATION_MODE = wholemodule;
			};
			name = Release;
		};
		503566592B9D64660059072E /* Debug */ = {
			isa = XCBuildConfiguration;
			buildSettings = {
				ALWAYS_EMBED_SWIFT_STANDARD_LIBRARIES = YES;
				ASSETCATALOG_COMPILER_APPICON_NAME = AppIcon;
				ASSETCATALOG_COMPILER_GLOBAL_ACCENT_COLOR_NAME = AccentColor;
				CODE_SIGN_ENTITLEMENTS = Komiic/Komiic.entitlements;
				CODE_SIGN_STYLE = Automatic;
				CURRENT_PROJECT_VERSION = 1;
				DEVELOPMENT_ASSET_PATHS = "\"Komiic/Preview Content\"";
				DEVELOPMENT_TEAM = 8JKX45L7LX;
				ENABLE_HARDENED_RUNTIME = YES;
				ENABLE_PREVIEWS = YES;
				GENERATE_INFOPLIST_FILE = YES;
				INFOPLIST_FILE = Komiic/Info.plist;
				INFOPLIST_KEY_CFBundleDisplayName = Komiic;
				INFOPLIST_KEY_LSApplicationCategoryType = "public.app-category.books";
				INFOPLIST_KEY_LSSupportsOpeningDocumentsInPlace = YES;
				INFOPLIST_KEY_NSPhotoLibraryAddUsageDescription = "用於漫畫圖片儲存";
				INFOPLIST_KEY_UIApplicationSceneManifest_Generation = YES;
				"INFOPLIST_KEY_UIApplicationSceneManifest_Generation[sdk=iphoneos*]" = YES;
				"INFOPLIST_KEY_UIApplicationSceneManifest_Generation[sdk=iphonesimulator*]" = YES;
				INFOPLIST_KEY_UIApplicationSupportsIndirectInputEvents = YES;
				"INFOPLIST_KEY_UIApplicationSupportsIndirectInputEvents[sdk=iphoneos*]" = YES;
				"INFOPLIST_KEY_UIApplicationSupportsIndirectInputEvents[sdk=iphonesimulator*]" = YES;
				INFOPLIST_KEY_UILaunchScreen_Generation = YES;
				"INFOPLIST_KEY_UILaunchScreen_Generation[sdk=iphoneos*]" = YES;
				"INFOPLIST_KEY_UILaunchScreen_Generation[sdk=iphonesimulator*]" = YES;
				INFOPLIST_KEY_UIStatusBarStyle = UIStatusBarStyleDefault;
				"INFOPLIST_KEY_UIStatusBarStyle[sdk=iphoneos*]" = UIStatusBarStyleDefault;
				"INFOPLIST_KEY_UIStatusBarStyle[sdk=iphonesimulator*]" = UIStatusBarStyleDefault;
				INFOPLIST_KEY_UISupportedInterfaceOrientations_iPad = "UIInterfaceOrientationPortrait UIInterfaceOrientationPortraitUpsideDown UIInterfaceOrientationLandscapeLeft UIInterfaceOrientationLandscapeRight";
				INFOPLIST_KEY_UISupportedInterfaceOrientations_iPhone = "UIInterfaceOrientationPortrait UIInterfaceOrientationLandscapeLeft UIInterfaceOrientationLandscapeRight";
				IPHONEOS_DEPLOYMENT_TARGET = 15.6;
				LD_RUNPATH_SEARCH_PATHS = "@executable_path/Frameworks";
				"LD_RUNPATH_SEARCH_PATHS[sdk=macosx*]" = "@executable_path/../Frameworks";
				MACOSX_DEPLOYMENT_TARGET = 14.4;
				MARKETING_VERSION = 1.0;
				PRODUCT_BUNDLE_IDENTIFIER = com.nexify.Komiic;
				PRODUCT_NAME = "$(TARGET_NAME)";
				SDKROOT = iphoneos;
				SUPPORTED_PLATFORMS = "iphoneos iphonesimulator";
				SUPPORTS_MACCATALYST = NO;
				SUPPORTS_MAC_DESIGNED_FOR_IPHONE_IPAD = YES;
				SUPPORTS_XR_DESIGNED_FOR_IPHONE_IPAD = YES;
				SWIFT_EMIT_LOC_STRINGS = YES;
				SWIFT_VERSION = 5.0;
				TARGETED_DEVICE_FAMILY = "1,2";
			};
			name = Debug;
		};
		5035665A2B9D64660059072E /* Release */ = {
			isa = XCBuildConfiguration;
			buildSettings = {
				ALWAYS_EMBED_SWIFT_STANDARD_LIBRARIES = YES;
				ASSETCATALOG_COMPILER_APPICON_NAME = AppIcon;
				ASSETCATALOG_COMPILER_GLOBAL_ACCENT_COLOR_NAME = AccentColor;
				CODE_SIGN_ENTITLEMENTS = Komiic/Komiic.entitlements;
				CODE_SIGN_STYLE = Automatic;
				CURRENT_PROJECT_VERSION = 1;
				DEVELOPMENT_ASSET_PATHS = "\"Komiic/Preview Content\"";
				DEVELOPMENT_TEAM = 8JKX45L7LX;
				ENABLE_HARDENED_RUNTIME = YES;
				ENABLE_PREVIEWS = YES;
				GENERATE_INFOPLIST_FILE = YES;
				INFOPLIST_FILE = Komiic/Info.plist;
				INFOPLIST_KEY_CFBundleDisplayName = Komiic;
				INFOPLIST_KEY_LSApplicationCategoryType = "public.app-category.books";
				INFOPLIST_KEY_LSSupportsOpeningDocumentsInPlace = YES;
				INFOPLIST_KEY_NSPhotoLibraryAddUsageDescription = "用於漫畫圖片儲存";
				INFOPLIST_KEY_UIApplicationSceneManifest_Generation = YES;
				"INFOPLIST_KEY_UIApplicationSceneManifest_Generation[sdk=iphoneos*]" = YES;
				"INFOPLIST_KEY_UIApplicationSceneManifest_Generation[sdk=iphonesimulator*]" = YES;
				INFOPLIST_KEY_UIApplicationSupportsIndirectInputEvents = YES;
				"INFOPLIST_KEY_UIApplicationSupportsIndirectInputEvents[sdk=iphoneos*]" = YES;
				"INFOPLIST_KEY_UIApplicationSupportsIndirectInputEvents[sdk=iphonesimulator*]" = YES;
				INFOPLIST_KEY_UILaunchScreen_Generation = YES;
				"INFOPLIST_KEY_UILaunchScreen_Generation[sdk=iphoneos*]" = YES;
				"INFOPLIST_KEY_UILaunchScreen_Generation[sdk=iphonesimulator*]" = YES;
				INFOPLIST_KEY_UIStatusBarStyle = UIStatusBarStyleDefault;
				"INFOPLIST_KEY_UIStatusBarStyle[sdk=iphoneos*]" = UIStatusBarStyleDefault;
				"INFOPLIST_KEY_UIStatusBarStyle[sdk=iphonesimulator*]" = UIStatusBarStyleDefault;
				INFOPLIST_KEY_UISupportedInterfaceOrientations_iPad = "UIInterfaceOrientationPortrait UIInterfaceOrientationPortraitUpsideDown UIInterfaceOrientationLandscapeLeft UIInterfaceOrientationLandscapeRight";
				INFOPLIST_KEY_UISupportedInterfaceOrientations_iPhone = "UIInterfaceOrientationPortrait UIInterfaceOrientationLandscapeLeft UIInterfaceOrientationLandscapeRight";
				IPHONEOS_DEPLOYMENT_TARGET = 15.6;
				LD_RUNPATH_SEARCH_PATHS = "@executable_path/Frameworks";
				"LD_RUNPATH_SEARCH_PATHS[sdk=macosx*]" = "@executable_path/../Frameworks";
				MACOSX_DEPLOYMENT_TARGET = 14.4;
				MARKETING_VERSION = 1.0;
				PRODUCT_BUNDLE_IDENTIFIER = com.nexify.Komiic;
				PRODUCT_NAME = "$(TARGET_NAME)";
				SDKROOT = iphoneos;
				SUPPORTED_PLATFORMS = "iphoneos iphonesimulator";
				SUPPORTS_MACCATALYST = NO;
				SUPPORTS_MAC_DESIGNED_FOR_IPHONE_IPAD = YES;
				SUPPORTS_XR_DESIGNED_FOR_IPHONE_IPAD = YES;
				SWIFT_EMIT_LOC_STRINGS = YES;
				SWIFT_VERSION = 5.0;
				TARGETED_DEVICE_FAMILY = "1,2";
			};
			name = Release;
		};
		50EE23B42BCBC7830003939F /* Debug */ = {
			isa = XCBuildConfiguration;
			buildSettings = {
				ASSETCATALOG_COMPILER_GLOBAL_ACCENT_COLOR_NAME = AccentColor;
				ASSETCATALOG_COMPILER_WIDGET_BACKGROUND_COLOR_NAME = WidgetBackground;
				CODE_SIGN_STYLE = Automatic;
				CURRENT_PROJECT_VERSION = 1;
				DEVELOPMENT_TEAM = 8JKX45L7LX;
				GENERATE_INFOPLIST_FILE = YES;
				INFOPLIST_FILE = ComicWidget/Info.plist;
				INFOPLIST_KEY_CFBundleDisplayName = ComicWidget;
				INFOPLIST_KEY_NSHumanReadableCopyright = "";
				IPHONEOS_DEPLOYMENT_TARGET = 17.4;
				LD_RUNPATH_SEARCH_PATHS = (
					"$(inherited)",
					"@executable_path/Frameworks",
					"@executable_path/../../Frameworks",
				);
				MARKETING_VERSION = 1.0;
				PRODUCT_BUNDLE_IDENTIFIER = com.nexify.Komiic.ComicWidget;
				PRODUCT_NAME = "$(TARGET_NAME)";
				SDKROOT = iphoneos;
				SKIP_INSTALL = YES;
				SWIFT_EMIT_LOC_STRINGS = YES;
				SWIFT_VERSION = 5.0;
				TARGETED_DEVICE_FAMILY = "1,2";
			};
			name = Debug;
		};
		50EE23B52BCBC7830003939F /* Release */ = {
			isa = XCBuildConfiguration;
			buildSettings = {
				ASSETCATALOG_COMPILER_GLOBAL_ACCENT_COLOR_NAME = AccentColor;
				ASSETCATALOG_COMPILER_WIDGET_BACKGROUND_COLOR_NAME = WidgetBackground;
				CODE_SIGN_STYLE = Automatic;
				CURRENT_PROJECT_VERSION = 1;
				DEVELOPMENT_TEAM = 8JKX45L7LX;
				GENERATE_INFOPLIST_FILE = YES;
				INFOPLIST_FILE = ComicWidget/Info.plist;
				INFOPLIST_KEY_CFBundleDisplayName = ComicWidget;
				INFOPLIST_KEY_NSHumanReadableCopyright = "";
				IPHONEOS_DEPLOYMENT_TARGET = 17.4;
				LD_RUNPATH_SEARCH_PATHS = (
					"$(inherited)",
					"@executable_path/Frameworks",
					"@executable_path/../../Frameworks",
				);
				MARKETING_VERSION = 1.0;
				PRODUCT_BUNDLE_IDENTIFIER = com.nexify.Komiic.ComicWidget;
				PRODUCT_NAME = "$(TARGET_NAME)";
				SDKROOT = iphoneos;
				SKIP_INSTALL = YES;
				SWIFT_EMIT_LOC_STRINGS = YES;
				SWIFT_VERSION = 5.0;
				TARGETED_DEVICE_FAMILY = "1,2";
				VALIDATE_PRODUCT = YES;
			};
			name = Release;
		};
/* End XCBuildConfiguration section */

/* Begin XCConfigurationList section */
		503566442B9D64650059072E /* Build configuration list for PBXProject "Komiic" */ = {
			isa = XCConfigurationList;
			buildConfigurations = (
				503566562B9D64660059072E /* Debug */,
				503566572B9D64660059072E /* Release */,
			);
			defaultConfigurationIsVisible = 0;
			defaultConfigurationName = Release;
		};
		503566582B9D64660059072E /* Build configuration list for PBXNativeTarget "Komiic" */ = {
			isa = XCConfigurationList;
			buildConfigurations = (
				503566592B9D64660059072E /* Debug */,
				5035665A2B9D64660059072E /* Release */,
			);
			defaultConfigurationIsVisible = 0;
			defaultConfigurationName = Release;
		};
		50EE23B32BCBC7830003939F /* Build configuration list for PBXNativeTarget "ComicWidgetExtension" */ = {
			isa = XCConfigurationList;
			buildConfigurations = (
				50EE23B42BCBC7830003939F /* Debug */,
				50EE23B52BCBC7830003939F /* Release */,
			);
			defaultConfigurationIsVisible = 0;
			defaultConfigurationName = Release;
		};
/* End XCConfigurationList section */

/* Begin XCRemoteSwiftPackageReference section */
		500C7BA82BA3032800F7C4F4 /* XCRemoteSwiftPackageReference "Kingfisher" */ = {
			isa = XCRemoteSwiftPackageReference;
			repositoryURL = "https://github.com/onevcat/Kingfisher";
			requirement = {
				kind = upToNextMajorVersion;
				minimumVersion = 7.11.0;
			};
		};
		502F05E22BBEC3E5001816E0 /* XCRemoteSwiftPackageReference "CustomAlert" */ = {
			isa = XCRemoteSwiftPackageReference;
			repositoryURL = "https://github.com/divadretlaw/CustomAlert";
			requirement = {
				kind = upToNextMajorVersion;
				minimumVersion = 3.5.0;
			};
		};
		50356BE12BA46A2F009A4C6D /* XCRemoteSwiftPackageReference "keychain-swift" */ = {
			isa = XCRemoteSwiftPackageReference;
			repositoryURL = "https://github.com/evgenyneu/keychain-swift";
			requirement = {
				kind = upToNextMajorVersion;
				minimumVersion = 21.0.0;
			};
		};
		50FB6C562BA6EEA6006BA657 /* XCRemoteSwiftPackageReference "SwiftUISnackbar" */ = {
			isa = XCRemoteSwiftPackageReference;
			repositoryURL = "https://github.com/zaniluca/SwiftUISnackbar";
			requirement = {
				branch = main;
				kind = branch;
			};
		};
/* End XCRemoteSwiftPackageReference section */

/* Begin XCSwiftPackageProductDependency section */
		500C7BA92BA3032800F7C4F4 /* Kingfisher */ = {
			isa = XCSwiftPackageProductDependency;
			package = 500C7BA82BA3032800F7C4F4 /* XCRemoteSwiftPackageReference "Kingfisher" */;
			productName = Kingfisher;
		};
		502F05E32BBEC3E5001816E0 /* CustomAlert */ = {
			isa = XCSwiftPackageProductDependency;
			package = 502F05E22BBEC3E5001816E0 /* XCRemoteSwiftPackageReference "CustomAlert" */;
			productName = CustomAlert;
		};
		50356BE22BA46A2F009A4C6D /* KeychainSwift */ = {
			isa = XCSwiftPackageProductDependency;
			package = 50356BE12BA46A2F009A4C6D /* XCRemoteSwiftPackageReference "keychain-swift" */;
			productName = KeychainSwift;
		};
		50FB6C572BA6EEA7006BA657 /* SwiftUISnackbar */ = {
			isa = XCSwiftPackageProductDependency;
			package = 50FB6C562BA6EEA6006BA657 /* XCRemoteSwiftPackageReference "SwiftUISnackbar" */;
			productName = SwiftUISnackbar;
		};
/* End XCSwiftPackageProductDependency section */
	};
	rootObject = 503566412B9D64650059072E /* Project object */;
}
