// !$*UTF8*$!
{
	archiveVersion = 1;
	classes = {
	};
	objectVersion = 60;
	objects = {

/* Begin PBXBuildFile section */
		68002C052C67C6B9001F44E0 /* BookDetailView.swift in Sources */ = {isa = PBXBuildFile; fileRef = 68002C042C67C6B9001F44E0 /* BookDetailView.swift */; };
		6811ADB62C57EBB70054E430 /* GetFolderComicIds.graphql in Resources */ = {isa = PBXBuildFile; fileRef = 6811ADB52C57EBB70054E430 /* GetFolderComicIds.graphql */; };
		6815E61B2CA93E4600881642 /* GetImagesByChapterID.graphql in Sources */ = {isa = PBXBuildFile; fileRef = 6815E61A2CA93E4000881642 /* GetImagesByChapterID.graphql */; };
		6815E61D2CA94F5C00881642 /* GetLastReadByComicId.graphql in Resources */ = {isa = PBXBuildFile; fileRef = 6815E61C2CA94F5300881642 /* GetLastReadByComicId.graphql */; };
		6815E61F2CA956BA00881642 /* AddReadComicHistory.graphql in Resources */ = {isa = PBXBuildFile; fileRef = 6815E61E2CA956AA00881642 /* AddReadComicHistory.graphql */; };
		681DB01B2C8DA4EB00A84B4B /* RemoveFavorite.graphql in Resources */ = {isa = PBXBuildFile; fileRef = 681DB01A2C8DA4EB00A84B4B /* RemoveFavorite.graphql */; };
		681DB01D2C8DAFDF00A84B4B /* FavoritesQuery.graphql in Resources */ = {isa = PBXBuildFile; fileRef = 681DB01C2C8DAFC900A84B4B /* FavoritesQuery.graphql */; };
		681DB01F2C8DB66200A84B4B /* AllCategoryView.swift in Sources */ = {isa = PBXBuildFile; fileRef = 681DB01E2C8DB66200A84B4B /* AllCategoryView.swift */; };
		682169BD2C5683920026F389 /* HomeView.swift in Sources */ = {isa = PBXBuildFile; fileRef = 682169BC2C5683920026F389 /* HomeView.swift */; };
		682169C02C5686280026F389 /* KeychainSwift in Frameworks */ = {isa = PBXBuildFile; productRef = 682169BF2C5686280026F389 /* KeychainSwift */; };
		682169C22C5688340026F389 /* LoginView.swift in Sources */ = {isa = PBXBuildFile; fileRef = 682169C12C5688340026F389 /* LoginView.swift */; };
		682169C42C5697320026F389 /* GetMyFolder.graphql in Resources */ = {isa = PBXBuildFile; fileRef = 682169C32C5697320026F389 /* GetMyFolder.graphql */; };
		688FE8F42CAE6ADB0027E56E /* GetComicsByAuthor.graphql in Resources */ = {isa = PBXBuildFile; fileRef = 688FE8F32CAE6AC60027E56E /* GetComicsByAuthor.graphql */; };
		6890B58C2C8D788100371261 /* GetImageLimit.graphql in Resources */ = {isa = PBXBuildFile; fileRef = 6890B58B2C8D786F00371261 /* GetImageLimit.graphql */; };
		6890B58E2C8D94C300371261 /* FolderView.swift in Sources */ = {isa = PBXBuildFile; fileRef = 6890B58D2C8D94C300371261 /* FolderView.swift */; };
		6890B5902C8D987500371261 /* UpdateFolderName.graphql in Resources */ = {isa = PBXBuildFile; fileRef = 6890B58F2C8D986900371261 /* UpdateFolderName.graphql */; };
		6890B5922C8D9B0800371261 /* RemoveFolder.graphql in Resources */ = {isa = PBXBuildFile; fileRef = 6890B5912C8D9AF300371261 /* RemoveFolder.graphql */; };
		6890B5952C8D9D5200371261 /* AlertToast in Frameworks */ = {isa = PBXBuildFile; productRef = 6890B5942C8D9D5200371261 /* AlertToast */; };
		6890B5972C8DA12500371261 /* AddToFolderSheet.swift in Sources */ = {isa = PBXBuildFile; fileRef = 6890B5962C8DA12500371261 /* AddToFolderSheet.swift */; };
		6890B59A2C8DA20300371261 /* GetComicInAccountFolders.graphql in Resources */ = {isa = PBXBuildFile; fileRef = 6890B5992C8DA1FA00371261 /* GetComicInAccountFolders.graphql */; };
		6890B59C2C8DA3C000371261 /* AddComicToFolder.graphql in Resources */ = {isa = PBXBuildFile; fileRef = 6890B59B2C8DA3B600371261 /* AddComicToFolder.graphql */; };
		6890B59E2C8DA3E400371261 /* RemoveComicToFolder.graphql in Resources */ = {isa = PBXBuildFile; fileRef = 6890B59D2C8DA3D700371261 /* RemoveComicToFolder.graphql */; };
		6890B5A02C8DA4A100371261 /* AddFavorite.graphql in Resources */ = {isa = PBXBuildFile; fileRef = 6890B59F2C8DA49300371261 /* AddFavorite.graphql */; };
		68B858B12C5635D00098CBBB /* ComicListView.swift in Sources */ = {isa = PBXBuildFile; fileRef = 68B858B02C5635D00098CBBB /* ComicListView.swift */; };
		68B858B42C56369F0098CBBB /* Kingfisher in Frameworks */ = {isa = PBXBuildFile; productRef = 68B858B32C56369F0098CBBB /* Kingfisher */; };
		68B858B62C563CC00098CBBB /* GetHotComics.graphql in Resources */ = {isa = PBXBuildFile; fileRef = 68B858B52C563CC00098CBBB /* GetHotComics.graphql */; };
		68B858B82C563D6B0098CBBB /* GetReadComicHistory.graphql in Resources */ = {isa = PBXBuildFile; fileRef = 68B858B72C563D6B0098CBBB /* GetReadComicHistory.graphql */; };
		68B858BA2C563DB90098CBBB /* GetComicByIDs.graphql in Resources */ = {isa = PBXBuildFile; fileRef = 68B858B92C563DB90098CBBB /* GetComicByIDs.graphql */; };
		68B858BC2C563DFB0098CBBB /* GetAllCategory.graphql in Resources */ = {isa = PBXBuildFile; fileRef = 68B858BB2C563DFB0098CBBB /* GetAllCategory.graphql */; };
		68B858BE2C563E270098CBBB /* GetComicByCategory.graphql in Resources */ = {isa = PBXBuildFile; fileRef = 68B858BD2C563E270098CBBB /* GetComicByCategory.graphql */; };
		68B858C02C564A270098CBBB /* ComicFragment.graphql in Resources */ = {isa = PBXBuildFile; fileRef = 68B858BF2C564A270098CBBB /* ComicFragment.graphql */; };
		68E609652C590A3800A6234E /* UserView.swift in Sources */ = {isa = PBXBuildFile; fileRef = 68E609642C590A3800A6234E /* UserView.swift */; };
		68E609672C590AA100A6234E /* GetAccountQuery.graphql in Resources */ = {isa = PBXBuildFile; fileRef = 68E609662C590AA000A6234E /* GetAccountQuery.graphql */; };
		68E6096A2C591F8E00A6234E /* BookLibraryView.swift in Sources */ = {isa = PBXBuildFile; fileRef = 68E609692C591F8E00A6234E /* BookLibraryView.swift */; };
		68E6096C2C592AFB00A6234E /* SmallComicListView.swift in Sources */ = {isa = PBXBuildFile; fileRef = 68E6096B2C592AFB00A6234E /* SmallComicListView.swift */; };
		68E6096E2C592D3400A6234E /* BookStoreView.swift in Sources */ = {isa = PBXBuildFile; fileRef = 68E6096D2C592D3400A6234E /* BookStoreView.swift */; };
		68F42FF32C56216A0075917A /* KomiicApp.swift in Sources */ = {isa = PBXBuildFile; fileRef = 68F42FF22C56216A0075917A /* KomiicApp.swift */; };
		68F42FF52C56216A0075917A /* ContentView.swift in Sources */ = {isa = PBXBuildFile; fileRef = 68F42FF42C56216A0075917A /* ContentView.swift */; };
		68F42FF72C56216B0075917A /* Assets.xcassets in Resources */ = {isa = PBXBuildFile; fileRef = 68F42FF62C56216B0075917A /* Assets.xcassets */; };
		68F42FFB2C56216B0075917A /* Preview Assets.xcassets in Resources */ = {isa = PBXBuildFile; fileRef = 68F42FFA2C56216B0075917A /* Preview Assets.xcassets */; };
		68F4300D2C5625ED0075917A /* schema.json in Resources */ = {isa = PBXBuildFile; fileRef = 68F4300C2C5625ED0075917A /* schema.json */; };
		68F430142C5629970075917A /* Apollo in Frameworks */ = {isa = PBXBuildFile; productRef = 68F430132C5629970075917A /* Apollo */; };
		68F430162C562A720075917A /* apollo-codegen-config.json in Resources */ = {isa = PBXBuildFile; fileRef = 68F430152C562A720075917A /* apollo-codegen-config.json */; };
		68F430192C562B300075917A /* KomiicAPI in Frameworks */ = {isa = PBXBuildFile; productRef = 68F430182C562B300075917A /* KomiicAPI */; };
		68F4301B2C562C140075917A /* KomiicAPI in Resources */ = {isa = PBXBuildFile; fileRef = 68F4301A2C562C140075917A /* KomiicAPI */; };
		68F4301F2C562C200075917A /* GetRecentUpdate.graphql in Resources */ = {isa = PBXBuildFile; fileRef = 68F4301C2C562C200075917A /* GetRecentUpdate.graphql */; };
		68F430202C562C200075917A /* schema.graphqls in Resources */ = {isa = PBXBuildFile; fileRef = 68F4301D2C562C200075917A /* schema.graphqls */; };
		68F430222C562C7A0075917A /* APIManager.swift in Sources */ = {isa = PBXBuildFile; fileRef = 68F430212C562C7A0075917A /* APIManager.swift */; };
		68FA39B82CA0205C0075F779 /* GetChapterByComicIdQuery.graphql in Resources */ = {isa = PBXBuildFile; fileRef = 68FA39B72CA020420075F779 /* GetChapterByComicIdQuery.graphql */; };
		68FA39BA2CA020A60075F779 /* ReaderView.swift in Sources */ = {isa = PBXBuildFile; fileRef = 68FA39B92CA020A60075F779 /* ReaderView.swift */; };
/* End PBXBuildFile section */

/* Begin PBXFileReference section */
		68002C042C67C6B9001F44E0 /* BookDetailView.swift */ = {isa = PBXFileReference; lastKnownFileType = sourcecode.swift; path = BookDetailView.swift; sourceTree = "<group>"; };
		6811ADB52C57EBB70054E430 /* GetFolderComicIds.graphql */ = {isa = PBXFileReference; lastKnownFileType = text; path = GetFolderComicIds.graphql; sourceTree = "<group>"; };
		6815E61A2CA93E4000881642 /* GetImagesByChapterID.graphql */ = {isa = PBXFileReference; lastKnownFileType = text; path = GetImagesByChapterID.graphql; sourceTree = "<group>"; };
		6815E61C2CA94F5300881642 /* GetLastReadByComicId.graphql */ = {isa = PBXFileReference; lastKnownFileType = text; path = GetLastReadByComicId.graphql; sourceTree = "<group>"; };
		6815E61E2CA956AA00881642 /* AddReadComicHistory.graphql */ = {isa = PBXFileReference; lastKnownFileType = text; path = AddReadComicHistory.graphql; sourceTree = "<group>"; };
		681DB01A2C8DA4EB00A84B4B /* RemoveFavorite.graphql */ = {isa = PBXFileReference; lastKnownFileType = text; path = RemoveFavorite.graphql; sourceTree = "<group>"; };
		681DB01C2C8DAFC900A84B4B /* FavoritesQuery.graphql */ = {isa = PBXFileReference; lastKnownFileType = text; path = FavoritesQuery.graphql; sourceTree = "<group>"; };
		681DB01E2C8DB66200A84B4B /* AllCategoryView.swift */ = {isa = PBXFileReference; lastKnownFileType = sourcecode.swift; path = AllCategoryView.swift; sourceTree = "<group>"; };
		682169BC2C5683920026F389 /* HomeView.swift */ = {isa = PBXFileReference; lastKnownFileType = sourcecode.swift; path = HomeView.swift; sourceTree = "<group>"; };
		682169C12C5688340026F389 /* LoginView.swift */ = {isa = PBXFileReference; lastKnownFileType = sourcecode.swift; path = LoginView.swift; sourceTree = "<group>"; };
		682169C32C5697320026F389 /* GetMyFolder.graphql */ = {isa = PBXFileReference; lastKnownFileType = text; path = GetMyFolder.graphql; sourceTree = "<group>"; };
		688FE8F32CAE6AC60027E56E /* GetComicsByAuthor.graphql */ = {isa = PBXFileReference; lastKnownFileType = text; path = GetComicsByAuthor.graphql; sourceTree = "<group>"; };
		6890B58B2C8D786F00371261 /* GetImageLimit.graphql */ = {isa = PBXFileReference; lastKnownFileType = text; path = GetImageLimit.graphql; sourceTree = "<group>"; };
		6890B58D2C8D94C300371261 /* FolderView.swift */ = {isa = PBXFileReference; lastKnownFileType = sourcecode.swift; path = FolderView.swift; sourceTree = "<group>"; };
		6890B58F2C8D986900371261 /* UpdateFolderName.graphql */ = {isa = PBXFileReference; lastKnownFileType = text; path = UpdateFolderName.graphql; sourceTree = "<group>"; };
		6890B5912C8D9AF300371261 /* RemoveFolder.graphql */ = {isa = PBXFileReference; lastKnownFileType = text; path = RemoveFolder.graphql; sourceTree = "<group>"; };
		6890B5962C8DA12500371261 /* AddToFolderSheet.swift */ = {isa = PBXFileReference; lastKnownFileType = sourcecode.swift; path = AddToFolderSheet.swift; sourceTree = "<group>"; };
		6890B5992C8DA1FA00371261 /* GetComicInAccountFolders.graphql */ = {isa = PBXFileReference; lastKnownFileType = text; path = GetComicInAccountFolders.graphql; sourceTree = "<group>"; };
		6890B59B2C8DA3B600371261 /* AddComicToFolder.graphql */ = {isa = PBXFileReference; lastKnownFileType = text; path = AddComicToFolder.graphql; sourceTree = "<group>"; };
		6890B59D2C8DA3D700371261 /* RemoveComicToFolder.graphql */ = {isa = PBXFileReference; lastKnownFileType = text; path = RemoveComicToFolder.graphql; sourceTree = "<group>"; };
		6890B59F2C8DA49300371261 /* AddFavorite.graphql */ = {isa = PBXFileReference; lastKnownFileType = text; path = AddFavorite.graphql; sourceTree = "<group>"; };
		68B858B02C5635D00098CBBB /* ComicListView.swift */ = {isa = PBXFileReference; lastKnownFileType = sourcecode.swift; path = ComicListView.swift; sourceTree = "<group>"; };
		68B858B52C563CC00098CBBB /* GetHotComics.graphql */ = {isa = PBXFileReference; lastKnownFileType = text; path = GetHotComics.graphql; sourceTree = "<group>"; };
		68B858B72C563D6B0098CBBB /* GetReadComicHistory.graphql */ = {isa = PBXFileReference; lastKnownFileType = text; path = GetReadComicHistory.graphql; sourceTree = "<group>"; };
		68B858B92C563DB90098CBBB /* GetComicByIDs.graphql */ = {isa = PBXFileReference; lastKnownFileType = text; path = GetComicByIDs.graphql; sourceTree = "<group>"; };
		68B858BB2C563DFB0098CBBB /* GetAllCategory.graphql */ = {isa = PBXFileReference; lastKnownFileType = text; path = GetAllCategory.graphql; sourceTree = "<group>"; };
		68B858BD2C563E270098CBBB /* GetComicByCategory.graphql */ = {isa = PBXFileReference; lastKnownFileType = text; path = GetComicByCategory.graphql; sourceTree = "<group>"; };
		68B858BF2C564A270098CBBB /* ComicFragment.graphql */ = {isa = PBXFileReference; lastKnownFileType = text; path = ComicFragment.graphql; sourceTree = "<group>"; };
		68E609642C590A3800A6234E /* UserView.swift */ = {isa = PBXFileReference; lastKnownFileType = sourcecode.swift; path = UserView.swift; sourceTree = "<group>"; };
		68E609662C590AA000A6234E /* GetAccountQuery.graphql */ = {isa = PBXFileReference; lastKnownFileType = text; path = GetAccountQuery.graphql; sourceTree = "<group>"; };
		68E609692C591F8E00A6234E /* BookLibraryView.swift */ = {isa = PBXFileReference; lastKnownFileType = sourcecode.swift; path = BookLibraryView.swift; sourceTree = "<group>"; };
		68E6096B2C592AFB00A6234E /* SmallComicListView.swift */ = {isa = PBXFileReference; lastKnownFileType = sourcecode.swift; path = SmallComicListView.swift; sourceTree = "<group>"; };
		68E6096D2C592D3400A6234E /* BookStoreView.swift */ = {isa = PBXFileReference; fileEncoding = 4; lastKnownFileType = sourcecode.swift; path = BookStoreView.swift; sourceTree = "<group>"; };
		68F42FEF2C56216A0075917A /* Komiic.app */ = {isa = PBXFileReference; explicitFileType = wrapper.application; includeInIndex = 0; path = Komiic.app; sourceTree = BUILT_PRODUCTS_DIR; };
		68F42FF22C56216A0075917A /* KomiicApp.swift */ = {isa = PBXFileReference; lastKnownFileType = sourcecode.swift; path = KomiicApp.swift; sourceTree = "<group>"; };
		68F42FF42C56216A0075917A /* ContentView.swift */ = {isa = PBXFileReference; lastKnownFileType = sourcecode.swift; path = ContentView.swift; sourceTree = "<group>"; };
		68F42FF62C56216B0075917A /* Assets.xcassets */ = {isa = PBXFileReference; lastKnownFileType = folder.assetcatalog; path = Assets.xcassets; sourceTree = "<group>"; };
		68F42FF82C56216B0075917A /* Komiic.entitlements */ = {isa = PBXFileReference; lastKnownFileType = text.plist.entitlements; path = Komiic.entitlements; sourceTree = "<group>"; };
		68F42FFA2C56216B0075917A /* Preview Assets.xcassets */ = {isa = PBXFileReference; lastKnownFileType = folder.assetcatalog; path = "Preview Assets.xcassets"; sourceTree = "<group>"; };
		68F4300C2C5625ED0075917A /* schema.json */ = {isa = PBXFileReference; lastKnownFileType = text.json; path = schema.json; sourceTree = "<group>"; };
		68F430152C562A720075917A /* apollo-codegen-config.json */ = {isa = PBXFileReference; lastKnownFileType = text.json; path = "apollo-codegen-config.json"; sourceTree = "<group>"; };
		68F4301A2C562C140075917A /* KomiicAPI */ = {isa = PBXFileReference; lastKnownFileType = wrapper; path = KomiicAPI; sourceTree = "<group>"; };
		68F4301C2C562C200075917A /* GetRecentUpdate.graphql */ = {isa = PBXFileReference; fileEncoding = 4; lastKnownFileType = text; path = GetRecentUpdate.graphql; sourceTree = "<group>"; };
		68F4301D2C562C200075917A /* schema.graphqls */ = {isa = PBXFileReference; fileEncoding = 4; lastKnownFileType = text; path = schema.graphqls; sourceTree = "<group>"; };
		68F430212C562C7A0075917A /* APIManager.swift */ = {isa = PBXFileReference; lastKnownFileType = sourcecode.swift; path = APIManager.swift; sourceTree = "<group>"; };
		68FA39B72CA020420075F779 /* GetChapterByComicIdQuery.graphql */ = {isa = PBXFileReference; lastKnownFileType = text; path = GetChapterByComicIdQuery.graphql; sourceTree = "<group>"; };
		68FA39B92CA020A60075F779 /* ReaderView.swift */ = {isa = PBXFileReference; lastKnownFileType = sourcecode.swift; path = ReaderView.swift; sourceTree = "<group>"; };
/* End PBXFileReference section */

/* Begin PBXFrameworksBuildPhase section */
		68F42FEC2C56216A0075917A /* Frameworks */ = {
			isa = PBXFrameworksBuildPhase;
			buildActionMask = 2147483647;
			files = (
				68B858B42C56369F0098CBBB /* Kingfisher in Frameworks */,
				68F430142C5629970075917A /* Apollo in Frameworks */,
				682169C02C5686280026F389 /* KeychainSwift in Frameworks */,
				6890B5952C8D9D5200371261 /* AlertToast in Frameworks */,
				68F430192C562B300075917A /* KomiicAPI in Frameworks */,
			);
			runOnlyForDeploymentPostprocessing = 0;
		};
/* End PBXFrameworksBuildPhase section */

/* Begin PBXGroup section */
		682169BB2C5683850026F389 /* Tab */ = {
			isa = PBXGroup;
			children = (
				68E6096D2C592D3400A6234E /* BookStoreView.swift */,
				682169BC2C5683920026F389 /* HomeView.swift */,
				68E609692C591F8E00A6234E /* BookLibraryView.swift */,
			);
			path = Tab;
			sourceTree = "<group>";
		};
		6890B5982C8DA13000371261 /* InfoView */ = {
			isa = PBXGroup;
			children = (
				6890B5962C8DA12500371261 /* AddToFolderSheet.swift */,
				68002C042C67C6B9001F44E0 /* BookDetailView.swift */,
			);
			path = InfoView;
			sourceTree = "<group>";
		};
		68B858AF2C5635420098CBBB /* ListComponents */ = {
			isa = PBXGroup;
			children = (
				68B858B02C5635D00098CBBB /* ComicListView.swift */,
				68E6096B2C592AFB00A6234E /* SmallComicListView.swift */,
			);
			path = ListComponents;
			sourceTree = "<group>";
		};
		68E609682C59108400A6234E /* AccountUI */ = {
			isa = PBXGroup;
			children = (
				682169C12C5688340026F389 /* LoginView.swift */,
				68E609642C590A3800A6234E /* UserView.swift */,
			);
			path = AccountUI;
			sourceTree = "<group>";
		};
		68F42FE62C56216A0075917A = {
			isa = PBXGroup;
			children = (
				68F4301E2C562C200075917A /* GraphQL */,
				68F4301A2C562C140075917A /* KomiicAPI */,
				68F430152C562A720075917A /* apollo-codegen-config.json */,
				68F42FF12C56216A0075917A /* Komiic */,
				68F42FF02C56216A0075917A /* Products */,
			);
			sourceTree = "<group>";
		};
		68F42FF02C56216A0075917A /* Products */ = {
			isa = PBXGroup;
			children = (
				68F42FEF2C56216A0075917A /* Komiic.app */,
			);
			name = Products;
			sourceTree = "<group>";
		};
		68F42FF12C56216A0075917A /* Komiic */ = {
			isa = PBXGroup;
			children = (
				68E609682C59108400A6234E /* AccountUI */,
				682169BB2C5683850026F389 /* Tab */,
				68B858AF2C5635420098CBBB /* ListComponents */,
				68F42FF22C56216A0075917A /* KomiicApp.swift */,
				6890B5982C8DA13000371261 /* InfoView */,
				68F42FF42C56216A0075917A /* ContentView.swift */,
				681DB01E2C8DB66200A84B4B /* AllCategoryView.swift */,
				68F4300C2C5625ED0075917A /* schema.json */,
				68F430212C562C7A0075917A /* APIManager.swift */,
				6890B58D2C8D94C300371261 /* FolderView.swift */,
				68F42FF62C56216B0075917A /* Assets.xcassets */,
				68F42FF82C56216B0075917A /* Komiic.entitlements */,
				68F42FF92C56216B0075917A /* Preview Content */,
				68FA39B92CA020A60075F779 /* ReaderView.swift */,
			);
			path = Komiic;
			sourceTree = "<group>";
		};
		68F42FF92C56216B0075917A /* Preview Content */ = {
			isa = PBXGroup;
			children = (
				68F42FFA2C56216B0075917A /* Preview Assets.xcassets */,
			);
			path = "Preview Content";
			sourceTree = "<group>";
		};
		68F4301E2C562C200075917A /* GraphQL */ = {
			isa = PBXGroup;
			children = (
				688FE8F32CAE6AC60027E56E /* GetComicsByAuthor.graphql */,
				6815E61E2CA956AA00881642 /* AddReadComicHistory.graphql */,
				6815E61C2CA94F5300881642 /* GetLastReadByComicId.graphql */,
				6815E61A2CA93E4000881642 /* GetImagesByChapterID.graphql */,
				68FA39B72CA020420075F779 /* GetChapterByComicIdQuery.graphql */,
				681DB01C2C8DAFC900A84B4B /* FavoritesQuery.graphql */,
				6890B59F2C8DA49300371261 /* AddFavorite.graphql */,
				681DB01A2C8DA4EB00A84B4B /* RemoveFavorite.graphql */,
				6890B59D2C8DA3D700371261 /* RemoveComicToFolder.graphql */,
				6890B59B2C8DA3B600371261 /* AddComicToFolder.graphql */,
				6890B5992C8DA1FA00371261 /* GetComicInAccountFolders.graphql */,
				6890B5912C8D9AF300371261 /* RemoveFolder.graphql */,
				6890B58F2C8D986900371261 /* UpdateFolderName.graphql */,
				6890B58B2C8D786F00371261 /* GetImageLimit.graphql */,
				68F4301C2C562C200075917A /* GetRecentUpdate.graphql */,
				68B858B52C563CC00098CBBB /* GetHotComics.graphql */,
				68B858B72C563D6B0098CBBB /* GetReadComicHistory.graphql */,
				68F4301D2C562C200075917A /* schema.graphqls */,
				68B858B92C563DB90098CBBB /* GetComicByIDs.graphql */,
				68B858BB2C563DFB0098CBBB /* GetAllCategory.graphql */,
				68B858BD2C563E270098CBBB /* GetComicByCategory.graphql */,
				68B858BF2C564A270098CBBB /* ComicFragment.graphql */,
				682169C32C5697320026F389 /* GetMyFolder.graphql */,
				6811ADB52C57EBB70054E430 /* GetFolderComicIds.graphql */,
				68E609662C590AA000A6234E /* GetAccountQuery.graphql */,
			);
			path = GraphQL;
			sourceTree = "<group>";
		};
/* End PBXGroup section */

/* Begin PBXNativeTarget section */
		68F42FEE2C56216A0075917A /* Komiic */ = {
			isa = PBXNativeTarget;
			buildConfigurationList = 68F42FFE2C56216B0075917A /* Build configuration list for PBXNativeTarget "Komiic" */;
			buildPhases = (
				68F42FEB2C56216A0075917A /* Sources */,
				68F42FEC2C56216A0075917A /* Frameworks */,
				68F42FED2C56216A0075917A /* Resources */,
			);
			buildRules = (
			);
			dependencies = (
			);
			name = Komiic;
			packageProductDependencies = (
				68F430132C5629970075917A /* Apollo */,
				68F430182C562B300075917A /* KomiicAPI */,
				68B858B32C56369F0098CBBB /* Kingfisher */,
				682169BF2C5686280026F389 /* KeychainSwift */,
				6890B5942C8D9D5200371261 /* AlertToast */,
			);
			productName = Komiic;
			productReference = 68F42FEF2C56216A0075917A /* Komiic.app */;
			productType = "com.apple.product-type.application";
		};
/* End PBXNativeTarget section */

/* Begin PBXProject section */
		68F42FE72C56216A0075917A /* Project object */ = {
			isa = PBXProject;
			attributes = {
				BuildIndependentTargetsInParallel = 1;
				LastSwiftUpdateCheck = 1540;
				LastUpgradeCheck = 1540;
				TargetAttributes = {
					68F42FEE2C56216A0075917A = {
						CreatedOnToolsVersion = 15.4;
					};
				};
			};
			buildConfigurationList = 68F42FEA2C56216A0075917A /* Build configuration list for PBXProject "Komiic" */;
			compatibilityVersion = "Xcode 14.0";
			developmentRegion = en;
			hasScannedForEncodings = 0;
			knownRegions = (
				en,
				Base,
			);
			mainGroup = 68F42FE62C56216A0075917A;
			packageReferences = (
				68F430122C5629970075917A /* XCRemoteSwiftPackageReference "apollo-ios" */,
				68F430172C562B300075917A /* XCLocalSwiftPackageReference "KomiicAPI" */,
				68B858B22C56369F0098CBBB /* XCRemoteSwiftPackageReference "Kingfisher" */,
				682169BE2C5686280026F389 /* XCRemoteSwiftPackageReference "keychain-swift" */,
				6890B5932C8D9D5200371261 /* XCRemoteSwiftPackageReference "AlertToast" */,
			);
			productRefGroup = 68F42FF02C56216A0075917A /* Products */;
			projectDirPath = "";
			projectRoot = "";
			targets = (
				68F42FEE2C56216A0075917A /* Komiic */,
			);
		};
/* End PBXProject section */

/* Begin PBXResourcesBuildPhase section */
		68F42FED2C56216A0075917A /* Resources */ = {
			isa = PBXResourcesBuildPhase;
			buildActionMask = 2147483647;
			files = (
				68B858BC2C563DFB0098CBBB /* GetAllCategory.graphql in Resources */,
				681DB01B2C8DA4EB00A84B4B /* RemoveFavorite.graphql in Resources */,
				68B858B82C563D6B0098CBBB /* GetReadComicHistory.graphql in Resources */,
				68F4301B2C562C140075917A /* KomiicAPI in Resources */,
				681DB01D2C8DAFDF00A84B4B /* FavoritesQuery.graphql in Resources */,
				6890B5922C8D9B0800371261 /* RemoveFolder.graphql in Resources */,
				6811ADB62C57EBB70054E430 /* GetFolderComicIds.graphql in Resources */,
				68B858BA2C563DB90098CBBB /* GetComicByIDs.graphql in Resources */,
				6890B58C2C8D788100371261 /* GetImageLimit.graphql in Resources */,
				68F42FFB2C56216B0075917A /* Preview Assets.xcassets in Resources */,
				6890B5A02C8DA4A100371261 /* AddFavorite.graphql in Resources */,
				68B858B62C563CC00098CBBB /* GetHotComics.graphql in Resources */,
				6890B59C2C8DA3C000371261 /* AddComicToFolder.graphql in Resources */,
				68E609672C590AA100A6234E /* GetAccountQuery.graphql in Resources */,
				6890B5902C8D987500371261 /* UpdateFolderName.graphql in Resources */,
				68F4301F2C562C200075917A /* GetRecentUpdate.graphql in Resources */,
				68F42FF72C56216B0075917A /* Assets.xcassets in Resources */,
				68F430162C562A720075917A /* apollo-codegen-config.json in Resources */,
				6815E61D2CA94F5C00881642 /* GetLastReadByComicId.graphql in Resources */,
				68FA39B82CA0205C0075F779 /* GetChapterByComicIdQuery.graphql in Resources */,
				6890B59A2C8DA20300371261 /* GetComicInAccountFolders.graphql in Resources */,
				68B858C02C564A270098CBBB /* ComicFragment.graphql in Resources */,
				6815E61F2CA956BA00881642 /* AddReadComicHistory.graphql in Resources */,
				68F4300D2C5625ED0075917A /* schema.json in Resources */,
				68F430202C562C200075917A /* schema.graphqls in Resources */,
				688FE8F42CAE6ADB0027E56E /* GetComicsByAuthor.graphql in Resources */,
				6890B59E2C8DA3E400371261 /* RemoveComicToFolder.graphql in Resources */,
				682169C42C5697320026F389 /* GetMyFolder.graphql in Resources */,
				68B858BE2C563E270098CBBB /* GetComicByCategory.graphql in Resources */,
			);
			runOnlyForDeploymentPostprocessing = 0;
		};
/* End PBXResourcesBuildPhase section */

/* Begin PBXSourcesBuildPhase section */
		68F42FEB2C56216A0075917A /* Sources */ = {
			isa = PBXSourcesBuildPhase;
			buildActionMask = 2147483647;
			files = (
				682169C22C5688340026F389 /* LoginView.swift in Sources */,
				68FA39BA2CA020A60075F779 /* ReaderView.swift in Sources */,
				68B858B12C5635D00098CBBB /* ComicListView.swift in Sources */,
				6890B58E2C8D94C300371261 /* FolderView.swift in Sources */,
				681DB01F2C8DB66200A84B4B /* AllCategoryView.swift in Sources */,
				68F430222C562C7A0075917A /* APIManager.swift in Sources */,
				68E6096A2C591F8E00A6234E /* BookLibraryView.swift in Sources */,
				68F42FF52C56216A0075917A /* ContentView.swift in Sources */,
				682169BD2C5683920026F389 /* HomeView.swift in Sources */,
				68F42FF32C56216A0075917A /* KomiicApp.swift in Sources */,
				68E6096E2C592D3400A6234E /* BookStoreView.swift in Sources */,
				6815E61B2CA93E4600881642 /* GetImagesByChapterID.graphql in Sources */,
				68002C052C67C6B9001F44E0 /* BookDetailView.swift in Sources */,
				68E609652C590A3800A6234E /* UserView.swift in Sources */,
				6890B5972C8DA12500371261 /* AddToFolderSheet.swift in Sources */,
				68E6096C2C592AFB00A6234E /* SmallComicListView.swift in Sources */,
			);
			runOnlyForDeploymentPostprocessing = 0;
		};
/* End PBXSourcesBuildPhase section */

/* Begin XCBuildConfiguration section */
		68F42FFC2C56216B0075917A /* Debug */ = {
			isa = XCBuildConfiguration;
			buildSettings = {
				ALWAYS_SEARCH_USER_PATHS = NO;
				ASSETCATALOG_COMPILER_GENERATE_SWIFT_ASSET_SYMBOL_EXTENSIONS = YES;
				CLANG_ANALYZER_NONNULL = YES;
				CLANG_ANALYZER_NUMBER_OBJECT_CONVERSION = YES_AGGRESSIVE;
				CLANG_CXX_LANGUAGE_STANDARD = "gnu++20";
				CLANG_ENABLE_MODULES = YES;
				CLANG_ENABLE_OBJC_ARC = YES;
				CLANG_ENABLE_OBJC_WEAK = YES;
				CLANG_WARN_BLOCK_CAPTURE_AUTORELEASING = YES;
				CLANG_WARN_BOOL_CONVERSION = YES;
				CLANG_WARN_COMMA = YES;
				CLANG_WARN_CONSTANT_CONVERSION = YES;
				CLANG_WARN_DEPRECATED_OBJC_IMPLEMENTATIONS = YES;
				CLANG_WARN_DIRECT_OBJC_ISA_USAGE = YES_ERROR;
				CLANG_WARN_DOCUMENTATION_COMMENTS = YES;
				CLANG_WARN_EMPTY_BODY = YES;
				CLANG_WARN_ENUM_CONVERSION = YES;
				CLANG_WARN_INFINITE_RECURSION = YES;
				CLANG_WARN_INT_CONVERSION = YES;
				CLANG_WARN_NON_LITERAL_NULL_CONVERSION = YES;
				CLANG_WARN_OBJC_IMPLICIT_RETAIN_SELF = YES;
				CLANG_WARN_OBJC_LITERAL_CONVERSION = YES;
				CLANG_WARN_OBJC_ROOT_CLASS = YES_ERROR;
				CLANG_WARN_QUOTED_INCLUDE_IN_FRAMEWORK_HEADER = YES;
				CLANG_WARN_RANGE_LOOP_ANALYSIS = YES;
				CLANG_WARN_STRICT_PROTOTYPES = YES;
				CLANG_WARN_SUSPICIOUS_MOVE = YES;
				CLANG_WARN_UNGUARDED_AVAILABILITY = YES_AGGRESSIVE;
				CLANG_WARN_UNREACHABLE_CODE = YES;
				CLANG_WARN__DUPLICATE_METHOD_MATCH = YES;
				COPY_PHASE_STRIP = NO;
				DEBUG_INFORMATION_FORMAT = dwarf;
				ENABLE_STRICT_OBJC_MSGSEND = YES;
				ENABLE_TESTABILITY = YES;
				ENABLE_USER_SCRIPT_SANDBOXING = YES;
				GCC_C_LANGUAGE_STANDARD = gnu17;
				GCC_DYNAMIC_NO_PIC = NO;
				GCC_NO_COMMON_BLOCKS = YES;
				GCC_OPTIMIZATION_LEVEL = 0;
				GCC_PREPROCESSOR_DEFINITIONS = (
					"DEBUG=1",
					"$(inherited)",
				);
				GCC_WARN_64_TO_32_BIT_CONVERSION = YES;
				GCC_WARN_ABOUT_RETURN_TYPE = YES_ERROR;
				GCC_WARN_UNDECLARED_SELECTOR = YES;
				GCC_WARN_UNINITIALIZED_AUTOS = YES_AGGRESSIVE;
				GCC_WARN_UNUSED_FUNCTION = YES;
				GCC_WARN_UNUSED_VARIABLE = YES;
				LOCALIZATION_PREFERS_STRING_CATALOGS = YES;
				MTL_ENABLE_DEBUG_INFO = INCLUDE_SOURCE;
				MTL_FAST_MATH = YES;
				ONLY_ACTIVE_ARCH = YES;
				SWIFT_ACTIVE_COMPILATION_CONDITIONS = "DEBUG $(inherited)";
				SWIFT_OPTIMIZATION_LEVEL = "-Onone";
			};
			name = Debug;
		};
		68F42FFD2C56216B0075917A /* Release */ = {
			isa = XCBuildConfiguration;
			buildSettings = {
				ALWAYS_SEARCH_USER_PATHS = NO;
				ASSETCATALOG_COMPILER_GENERATE_SWIFT_ASSET_SYMBOL_EXTENSIONS = YES;
				CLANG_ANALYZER_NONNULL = YES;
				CLANG_ANALYZER_NUMBER_OBJECT_CONVERSION = YES_AGGRESSIVE;
				CLANG_CXX_LANGUAGE_STANDARD = "gnu++20";
				CLANG_ENABLE_MODULES = YES;
				CLANG_ENABLE_OBJC_ARC = YES;
				CLANG_ENABLE_OBJC_WEAK = YES;
				CLANG_WARN_BLOCK_CAPTURE_AUTORELEASING = YES;
				CLANG_WARN_BOOL_CONVERSION = YES;
				CLANG_WARN_COMMA = YES;
				CLANG_WARN_CONSTANT_CONVERSION = YES;
				CLANG_WARN_DEPRECATED_OBJC_IMPLEMENTATIONS = YES;
				CLANG_WARN_DIRECT_OBJC_ISA_USAGE = YES_ERROR;
				CLANG_WARN_DOCUMENTATION_COMMENTS = YES;
				CLANG_WARN_EMPTY_BODY = YES;
				CLANG_WARN_ENUM_CONVERSION = YES;
				CLANG_WARN_INFINITE_RECURSION = YES;
				CLANG_WARN_INT_CONVERSION = YES;
				CLANG_WARN_NON_LITERAL_NULL_CONVERSION = YES;
				CLANG_WARN_OBJC_IMPLICIT_RETAIN_SELF = YES;
				CLANG_WARN_OBJC_LITERAL_CONVERSION = YES;
				CLANG_WARN_OBJC_ROOT_CLASS = YES_ERROR;
				CLANG_WARN_QUOTED_INCLUDE_IN_FRAMEWORK_HEADER = YES;
				CLANG_WARN_RANGE_LOOP_ANALYSIS = YES;
				CLANG_WARN_STRICT_PROTOTYPES = YES;
				CLANG_WARN_SUSPICIOUS_MOVE = YES;
				CLANG_WARN_UNGUARDED_AVAILABILITY = YES_AGGRESSIVE;
				CLANG_WARN_UNREACHABLE_CODE = YES;
				CLANG_WARN__DUPLICATE_METHOD_MATCH = YES;
				COPY_PHASE_STRIP = NO;
				DEBUG_INFORMATION_FORMAT = "dwarf-with-dsym";
				ENABLE_NS_ASSERTIONS = NO;
				ENABLE_STRICT_OBJC_MSGSEND = YES;
				ENABLE_USER_SCRIPT_SANDBOXING = YES;
				GCC_C_LANGUAGE_STANDARD = gnu17;
				GCC_NO_COMMON_BLOCKS = YES;
				GCC_WARN_64_TO_32_BIT_CONVERSION = YES;
				GCC_WARN_ABOUT_RETURN_TYPE = YES_ERROR;
				GCC_WARN_UNDECLARED_SELECTOR = YES;
				GCC_WARN_UNINITIALIZED_AUTOS = YES_AGGRESSIVE;
				GCC_WARN_UNUSED_FUNCTION = YES;
				GCC_WARN_UNUSED_VARIABLE = YES;
				LOCALIZATION_PREFERS_STRING_CATALOGS = YES;
				MTL_ENABLE_DEBUG_INFO = NO;
				MTL_FAST_MATH = YES;
				SWIFT_COMPILATION_MODE = wholemodule;
			};
			name = Release;
		};
		68F42FFF2C56216B0075917A /* Debug */ = {
			isa = XCBuildConfiguration;
			buildSettings = {
				ASSETCATALOG_COMPILER_APPICON_NAME = AppIcon;
				ASSETCATALOG_COMPILER_GLOBAL_ACCENT_COLOR_NAME = AccentColor;
				CODE_SIGN_ENTITLEMENTS = Komiic/Komiic.entitlements;
				CODE_SIGN_STYLE = Automatic;
				CURRENT_PROJECT_VERSION = 1;
				DEVELOPMENT_ASSET_PATHS = "\"Komiic/Preview Content\"";
				DEVELOPMENT_TEAM = 8JKX45L7LX;
				ENABLE_HARDENED_RUNTIME = YES;
				ENABLE_PREVIEWS = YES;
				GENERATE_INFOPLIST_FILE = YES;
				"INFOPLIST_KEY_UIApplicationSceneManifest_Generation[sdk=iphoneos*]" = YES;
				"INFOPLIST_KEY_UIApplicationSceneManifest_Generation[sdk=iphonesimulator*]" = YES;
				"INFOPLIST_KEY_UIApplicationSupportsIndirectInputEvents[sdk=iphoneos*]" = YES;
				"INFOPLIST_KEY_UIApplicationSupportsIndirectInputEvents[sdk=iphonesimulator*]" = YES;
				"INFOPLIST_KEY_UILaunchScreen_Generation[sdk=iphoneos*]" = YES;
				"INFOPLIST_KEY_UILaunchScreen_Generation[sdk=iphonesimulator*]" = YES;
				"INFOPLIST_KEY_UIStatusBarStyle[sdk=iphoneos*]" = UIStatusBarStyleDefault;
				"INFOPLIST_KEY_UIStatusBarStyle[sdk=iphonesimulator*]" = UIStatusBarStyleDefault;
				INFOPLIST_KEY_UISupportedInterfaceOrientations_iPad = "UIInterfaceOrientationPortrait UIInterfaceOrientationPortraitUpsideDown UIInterfaceOrientationLandscapeLeft UIInterfaceOrientationLandscapeRight";
				INFOPLIST_KEY_UISupportedInterfaceOrientations_iPhone = "UIInterfaceOrientationPortrait UIInterfaceOrientationLandscapeLeft UIInterfaceOrientationLandscapeRight";
				IPHONEOS_DEPLOYMENT_TARGET = 18.0;
				LD_RUNPATH_SEARCH_PATHS = "@executable_path/Frameworks";
				"LD_RUNPATH_SEARCH_PATHS[sdk=macosx*]" = "@executable_path/../Frameworks";
				MACOSX_DEPLOYMENT_TARGET = 14.5;
				MARKETING_VERSION = 1.0;
				PRODUCT_BUNDLE_IDENTIFIER = com.nexify.Komiic;
				PRODUCT_NAME = "$(TARGET_NAME)";
				SDKROOT = auto;
				SUPPORTED_PLATFORMS = "iphoneos iphonesimulator macosx";
				SWIFT_EMIT_LOC_STRINGS = YES;
				SWIFT_VERSION = 5.0;
				TARGETED_DEVICE_FAMILY = "1,2";
			};
			name = Debug;
		};
		68F430002C56216B0075917A /* Release */ = {
			isa = XCBuildConfiguration;
			buildSettings = {
				ASSETCATALOG_COMPILER_APPICON_NAME = AppIcon;
				ASSETCATALOG_COMPILER_GLOBAL_ACCENT_COLOR_NAME = AccentColor;
				CODE_SIGN_ENTITLEMENTS = Komiic/Komiic.entitlements;
				CODE_SIGN_STYLE = Automatic;
				CURRENT_PROJECT_VERSION = 1;
				DEVELOPMENT_ASSET_PATHS = "\"Komiic/Preview Content\"";
				DEVELOPMENT_TEAM = 8JKX45L7LX;
				ENABLE_HARDENED_RUNTIME = YES;
				ENABLE_PREVIEWS = YES;
				GENERATE_INFOPLIST_FILE = YES;
				"INFOPLIST_KEY_UIApplicationSceneManifest_Generation[sdk=iphoneos*]" = YES;
				"INFOPLIST_KEY_UIApplicationSceneManifest_Generation[sdk=iphonesimulator*]" = YES;
				"INFOPLIST_KEY_UIApplicationSupportsIndirectInputEvents[sdk=iphoneos*]" = YES;
				"INFOPLIST_KEY_UIApplicationSupportsIndirectInputEvents[sdk=iphonesimulator*]" = YES;
				"INFOPLIST_KEY_UILaunchScreen_Generation[sdk=iphoneos*]" = YES;
				"INFOPLIST_KEY_UILaunchScreen_Generation[sdk=iphonesimulator*]" = YES;
				"INFOPLIST_KEY_UIStatusBarStyle[sdk=iphoneos*]" = UIStatusBarStyleDefault;
				"INFOPLIST_KEY_UIStatusBarStyle[sdk=iphonesimulator*]" = UIStatusBarStyleDefault;
				INFOPLIST_KEY_UISupportedInterfaceOrientations_iPad = "UIInterfaceOrientationPortrait UIInterfaceOrientationPortraitUpsideDown UIInterfaceOrientationLandscapeLeft UIInterfaceOrientationLandscapeRight";
				INFOPLIST_KEY_UISupportedInterfaceOrientations_iPhone = "UIInterfaceOrientationPortrait UIInterfaceOrientationLandscapeLeft UIInterfaceOrientationLandscapeRight";
				IPHONEOS_DEPLOYMENT_TARGET = 18.0;
				LD_RUNPATH_SEARCH_PATHS = "@executable_path/Frameworks";
				"LD_RUNPATH_SEARCH_PATHS[sdk=macosx*]" = "@executable_path/../Frameworks";
				MACOSX_DEPLOYMENT_TARGET = 14.5;
				MARKETING_VERSION = 1.0;
				PRODUCT_BUNDLE_IDENTIFIER = com.nexify.Komiic;
				PRODUCT_NAME = "$(TARGET_NAME)";
				SDKROOT = auto;
				SUPPORTED_PLATFORMS = "iphoneos iphonesimulator macosx";
				SWIFT_EMIT_LOC_STRINGS = YES;
				SWIFT_VERSION = 5.0;
				TARGETED_DEVICE_FAMILY = "1,2";
			};
			name = Release;
		};
/* End XCBuildConfiguration section */

/* Begin XCConfigurationList section */
		68F42FEA2C56216A0075917A /* Build configuration list for PBXProject "Komiic" */ = {
			isa = XCConfigurationList;
			buildConfigurations = (
				68F42FFC2C56216B0075917A /* Debug */,
				68F42FFD2C56216B0075917A /* Release */,
			);
			defaultConfigurationIsVisible = 0;
			defaultConfigurationName = Release;
		};
		68F42FFE2C56216B0075917A /* Build configuration list for PBXNativeTarget "Komiic" */ = {
			isa = XCConfigurationList;
			buildConfigurations = (
				68F42FFF2C56216B0075917A /* Debug */,
				68F430002C56216B0075917A /* Release */,
			);
			defaultConfigurationIsVisible = 0;
			defaultConfigurationName = Release;
		};
/* End XCConfigurationList section */

/* Begin XCLocalSwiftPackageReference section */
		68F430172C562B300075917A /* XCLocalSwiftPackageReference "KomiicAPI" */ = {
			isa = XCLocalSwiftPackageReference;
			relativePath = KomiicAPI;
		};
/* End XCLocalSwiftPackageReference section */

/* Begin XCRemoteSwiftPackageReference section */
		682169BE2C5686280026F389 /* XCRemoteSwiftPackageReference "keychain-swift" */ = {
			isa = XCRemoteSwiftPackageReference;
			repositoryURL = "https://github.com/evgenyneu/keychain-swift";
			requirement = {
				kind = upToNextMajorVersion;
				minimumVersion = 24.0.0;
			};
		};
		6890B5932C8D9D5200371261 /* XCRemoteSwiftPackageReference "AlertToast" */ = {
			isa = XCRemoteSwiftPackageReference;
			repositoryURL = "https://github.com/elai950/AlertToast";
			requirement = {
				kind = upToNextMajorVersion;
				minimumVersion = 1.3.9;
			};
		};
		68B858B22C56369F0098CBBB /* XCRemoteSwiftPackageReference "Kingfisher" */ = {
			isa = XCRemoteSwiftPackageReference;
			repositoryURL = "https://github.com/onevcat/Kingfisher";
			requirement = {
				kind = upToNextMajorVersion;
				minimumVersion = 7.12.0;
			};
		};
		68F430122C5629970075917A /* XCRemoteSwiftPackageReference "apollo-ios" */ = {
			isa = XCRemoteSwiftPackageReference;
			repositoryURL = "https://github.com/apollographql/apollo-ios.git";
			requirement = {
				kind = upToNextMajorVersion;
				minimumVersion = 1.14.0;
			};
		};
/* End XCRemoteSwiftPackageReference section */

/* Begin XCSwiftPackageProductDependency section */
		682169BF2C5686280026F389 /* KeychainSwift */ = {
			isa = XCSwiftPackageProductDependency;
			package = 682169BE2C5686280026F389 /* XCRemoteSwiftPackageReference "keychain-swift" */;
			productName = KeychainSwift;
		};
		6890B5942C8D9D5200371261 /* AlertToast */ = {
			isa = XCSwiftPackageProductDependency;
			package = 6890B5932C8D9D5200371261 /* XCRemoteSwiftPackageReference "AlertToast" */;
			productName = AlertToast;
		};
		68B858B32C56369F0098CBBB /* Kingfisher */ = {
			isa = XCSwiftPackageProductDependency;
			package = 68B858B22C56369F0098CBBB /* XCRemoteSwiftPackageReference "Kingfisher" */;
			productName = Kingfisher;
		};
		68F430132C5629970075917A /* Apollo */ = {
			isa = XCSwiftPackageProductDependency;
			package = 68F430122C5629970075917A /* XCRemoteSwiftPackageReference "apollo-ios" */;
			productName = Apollo;
		};
		68F430182C562B300075917A /* KomiicAPI */ = {
			isa = XCSwiftPackageProductDependency;
			productName = KomiicAPI;
		};
/* End XCSwiftPackageProductDependency section */
	};
	rootObject = 68F42FE72C56216A0075917A /* Project object */;
}
